// !$*UTF8*$!
{
	archiveVersion = 1;
	classes = {
	};
	objectVersion = 55;
	objects = {

/* Begin PBXBuildFile section */
		121F7D8E26A6B875005411ED /* FreaksApp.swift in Sources */ = {isa = PBXBuildFile; fileRef = 121F7D6C26A6B874005411ED /* FreaksApp.swift */; };
		121F7D8F26A6B875005411ED /* FreaksApp.swift in Sources */ = {isa = PBXBuildFile; fileRef = 121F7D6C26A6B874005411ED /* FreaksApp.swift */; };
		121F7D9226A6B875005411ED /* Assets.xcassets in Resources */ = {isa = PBXBuildFile; fileRef = 121F7D6E26A6B875005411ED /* Assets.xcassets */; };
		121F7D9326A6B875005411ED /* Assets.xcassets in Resources */ = {isa = PBXBuildFile; fileRef = 121F7D6E26A6B875005411ED /* Assets.xcassets */; };
		125FF4FC26A83B9500018CE8 /* FreakDetailsView.swift in Sources */ = {isa = PBXBuildFile; fileRef = 125FF4FB26A83B9500018CE8 /* FreakDetailsView.swift */; };
		125FF4FD26A83B9500018CE8 /* FreakDetailsView.swift in Sources */ = {isa = PBXBuildFile; fileRef = 125FF4FB26A83B9500018CE8 /* FreakDetailsView.swift */; };
		125FF4FF26A83CBB00018CE8 /* FreakDetailsViewModel.swift in Sources */ = {isa = PBXBuildFile; fileRef = 125FF4FE26A83CBB00018CE8 /* FreakDetailsViewModel.swift */; };
		125FF50026A83CBB00018CE8 /* FreakDetailsViewModel.swift in Sources */ = {isa = PBXBuildFile; fileRef = 125FF4FE26A83CBB00018CE8 /* FreakDetailsViewModel.swift */; };
		12DFB34B26A6EE0200CB25F7 /* Freak.swift in Sources */ = {isa = PBXBuildFile; fileRef = 12DFB34A26A6EE0200CB25F7 /* Freak.swift */; };
		12DFB34C26A6EE0200CB25F7 /* Freak.swift in Sources */ = {isa = PBXBuildFile; fileRef = 12DFB34A26A6EE0200CB25F7 /* Freak.swift */; };
		12DFB34E26A6F21E00CB25F7 /* ListItemView.swift in Sources */ = {isa = PBXBuildFile; fileRef = 12DFB34D26A6F21E00CB25F7 /* ListItemView.swift */; };
		12DFB34F26A6F21E00CB25F7 /* ListItemView.swift in Sources */ = {isa = PBXBuildFile; fileRef = 12DFB34D26A6F21E00CB25F7 /* ListItemView.swift */; };
		12ECD1DF26A818E10069BD64 /* ListItemViewModel.swift in Sources */ = {isa = PBXBuildFile; fileRef = 12ECD1DE26A818E10069BD64 /* ListItemViewModel.swift */; };
		12ECD1E026A818E10069BD64 /* ListItemViewModel.swift in Sources */ = {isa = PBXBuildFile; fileRef = 12ECD1DE26A818E10069BD64 /* ListItemViewModel.swift */; };
		12ECD1EE26A82CDA0069BD64 /* FreakTest.swift in Sources */ = {isa = PBXBuildFile; fileRef = 12ECD1DC26A815920069BD64 /* FreakTest.swift */; };
		12FD8E3C26A9BB8D00EF05E8 /* FreaksButtonsView.swift in Sources */ = {isa = PBXBuildFile; fileRef = 12FD8E3B26A9BB8D00EF05E8 /* FreaksButtonsView.swift */; };
		12FD8E3D26A9BB8D00EF05E8 /* FreaksButtonsView.swift in Sources */ = {isa = PBXBuildFile; fileRef = 12FD8E3B26A9BB8D00EF05E8 /* FreaksButtonsView.swift */; };
		3B416B8D26A80F5B00250A0D /* FreaksViewModel.swift in Sources */ = {isa = PBXBuildFile; fileRef = 3B416B8C26A80F5B00250A0D /* FreaksViewModel.swift */; };
		3B416B8E26A80F5B00250A0D /* FreaksViewModel.swift in Sources */ = {isa = PBXBuildFile; fileRef = 3B416B8C26A80F5B00250A0D /* FreaksViewModel.swift */; };
		3BDA054126A6EA840070BADB /* FreaksView.swift in Sources */ = {isa = PBXBuildFile; fileRef = 3BDA054026A6EA840070BADB /* FreaksView.swift */; };
		3BDA054226A6EA840070BADB /* FreaksView.swift in Sources */ = {isa = PBXBuildFile; fileRef = 3BDA054026A6EA840070BADB /* FreaksView.swift */; };
/* End PBXBuildFile section */

/* Begin PBXContainerItemProxy section */
		12ECD1E926A82CB80069BD64 /* PBXContainerItemProxy */ = {
			isa = PBXContainerItemProxy;
			containerPortal = 121F7D6726A6B874005411ED /* Project object */;
			proxyType = 1;
			remoteGlobalIDString = 121F7D7226A6B875005411ED;
			remoteInfo = "Freaks (iOS)";
		};
/* End PBXContainerItemProxy section */

/* Begin PBXFileReference section */
		121F7D6C26A6B874005411ED /* FreaksApp.swift */ = {isa = PBXFileReference; lastKnownFileType = sourcecode.swift; path = FreaksApp.swift; sourceTree = "<group>"; };
		121F7D6E26A6B875005411ED /* Assets.xcassets */ = {isa = PBXFileReference; lastKnownFileType = folder.assetcatalog; path = Assets.xcassets; sourceTree = "<group>"; };
		121F7D7326A6B875005411ED /* Freaks.app */ = {isa = PBXFileReference; explicitFileType = wrapper.application; includeInIndex = 0; path = Freaks.app; sourceTree = BUILT_PRODUCTS_DIR; };
		121F7D7926A6B875005411ED /* Freaks.app */ = {isa = PBXFileReference; explicitFileType = wrapper.application; includeInIndex = 0; path = Freaks.app; sourceTree = BUILT_PRODUCTS_DIR; };
		125FF4FB26A83B9500018CE8 /* FreakDetailsView.swift */ = {isa = PBXFileReference; lastKnownFileType = sourcecode.swift; path = FreakDetailsView.swift; sourceTree = "<group>"; };
		125FF4FE26A83CBB00018CE8 /* FreakDetailsViewModel.swift */ = {isa = PBXFileReference; lastKnownFileType = sourcecode.swift; path = FreakDetailsViewModel.swift; sourceTree = "<group>"; };
		12DFB34A26A6EE0200CB25F7 /* Freak.swift */ = {isa = PBXFileReference; lastKnownFileType = sourcecode.swift; path = Freak.swift; sourceTree = "<group>"; };
		12DFB34D26A6F21E00CB25F7 /* ListItemView.swift */ = {isa = PBXFileReference; lastKnownFileType = sourcecode.swift; path = ListItemView.swift; sourceTree = "<group>"; };
		12ECD1DC26A815920069BD64 /* FreakTest.swift */ = {isa = PBXFileReference; lastKnownFileType = sourcecode.swift; path = FreakTest.swift; sourceTree = "<group>"; };
		12ECD1DE26A818E10069BD64 /* ListItemViewModel.swift */ = {isa = PBXFileReference; lastKnownFileType = sourcecode.swift; path = ListItemViewModel.swift; sourceTree = "<group>"; };
		12ECD1E526A82CB80069BD64 /* FreaksTests.xctest */ = {isa = PBXFileReference; explicitFileType = wrapper.cfbundle; includeInIndex = 0; path = FreaksTests.xctest; sourceTree = BUILT_PRODUCTS_DIR; };
		12FD8E3B26A9BB8D00EF05E8 /* FreaksButtonsView.swift */ = {isa = PBXFileReference; lastKnownFileType = sourcecode.swift; path = FreaksButtonsView.swift; sourceTree = "<group>"; };
		3B416B8C26A80F5B00250A0D /* FreaksViewModel.swift */ = {isa = PBXFileReference; lastKnownFileType = sourcecode.swift; path = FreaksViewModel.swift; sourceTree = "<group>"; };
		3B416B9526A8463800250A0D /* Freaks--iOS--Info.plist */ = {isa = PBXFileReference; lastKnownFileType = text.plist.xml; path = "Freaks--iOS--Info.plist"; sourceTree = "<group>"; };
		3BDA054026A6EA840070BADB /* FreaksView.swift */ = {isa = PBXFileReference; fileEncoding = 4; lastKnownFileType = sourcecode.swift; path = FreaksView.swift; sourceTree = "<group>"; };
/* End PBXFileReference section */

/* Begin PBXFrameworksBuildPhase section */
		121F7D7026A6B875005411ED /* Frameworks */ = {
			isa = PBXFrameworksBuildPhase;
			buildActionMask = 2147483647;
			files = (
			);
			runOnlyForDeploymentPostprocessing = 0;
		};
		121F7D7626A6B875005411ED /* Frameworks */ = {
			isa = PBXFrameworksBuildPhase;
			buildActionMask = 2147483647;
			files = (
			);
			runOnlyForDeploymentPostprocessing = 0;
		};
		12ECD1E226A82CB80069BD64 /* Frameworks */ = {
			isa = PBXFrameworksBuildPhase;
			buildActionMask = 2147483647;
			files = (
			);
			runOnlyForDeploymentPostprocessing = 0;
		};
/* End PBXFrameworksBuildPhase section */

/* Begin PBXGroup section */
		121F7D6626A6B874005411ED = {
			isa = PBXGroup;
			children = (
				3B416B9526A8463800250A0D /* Freaks--iOS--Info.plist */,
				121F7D6B26A6B874005411ED /* Shared */,
				12ECD1E626A82CB80069BD64 /* FreaksTests */,
				121F7D7426A6B875005411ED /* Products */,
			);
			sourceTree = "<group>";
		};
		121F7D6B26A6B874005411ED /* Shared */ = {
			isa = PBXGroup;
			children = (
				3B416B9026A811BD00250A0D /* Features */,
				3B416B8F26A811A600250A0D /* App */,
				121F7D6E26A6B875005411ED /* Assets.xcassets */,
			);
			path = Shared;
			sourceTree = "<group>";
		};
		121F7D7426A6B875005411ED /* Products */ = {
			isa = PBXGroup;
			children = (
				121F7D7326A6B875005411ED /* Freaks.app */,
				121F7D7926A6B875005411ED /* Freaks.app */,
				12ECD1E526A82CB80069BD64 /* FreaksTests.xctest */,
			);
			name = Products;
			sourceTree = "<group>";
		};
		125FF50126A847A600018CE8 /* FreakDetails */ = {
			isa = PBXGroup;
			children = (
				125FF50226A847BE00018CE8 /* View */,
				125FF50326A847C500018CE8 /* ViewModel */,
			);
			path = FreakDetails;
			sourceTree = "<group>";
		};
		125FF50226A847BE00018CE8 /* View */ = {
			isa = PBXGroup;
			children = (
				125FF4FB26A83B9500018CE8 /* FreakDetailsView.swift */,
			);
			path = View;
			sourceTree = "<group>";
		};
		125FF50326A847C500018CE8 /* ViewModel */ = {
			isa = PBXGroup;
			children = (
				125FF4FE26A83CBB00018CE8 /* FreakDetailsViewModel.swift */,
			);
			path = ViewModel;
			sourceTree = "<group>";
		};
		12ECD1E626A82CB80069BD64 /* FreaksTests */ = {
			isa = PBXGroup;
			children = (
				12ECD1DC26A815920069BD64 /* FreakTest.swift */,
			);
			path = FreaksTests;
			sourceTree = "<group>";
		};
		3B416B8F26A811A600250A0D /* App */ = {
			isa = PBXGroup;
			children = (
				121F7D6C26A6B874005411ED /* FreaksApp.swift */,
			);
			path = App;
			sourceTree = "<group>";
		};
		3B416B9026A811BD00250A0D /* Features */ = {
			isa = PBXGroup;
			children = (
				125FF50126A847A600018CE8 /* FreakDetails */,
				3B416B9126A811E000250A0D /* Freaks */,
			);
			path = Features;
			sourceTree = "<group>";
		};
		3B416B9126A811E000250A0D /* Freaks */ = {
			isa = PBXGroup;
			children = (
				3B416B9226A8120000250A0D /* Model */,
				3B416B9426A8121600250A0D /* View */,
				3B416B9326A8120B00250A0D /* ViewModel */,
			);
			path = Freaks;
			sourceTree = "<group>";
		};
		3B416B9226A8120000250A0D /* Model */ = {
			isa = PBXGroup;
			children = (
				12DFB34A26A6EE0200CB25F7 /* Freak.swift */,
			);
			path = Model;
			sourceTree = "<group>";
		};
		3B416B9326A8120B00250A0D /* ViewModel */ = {
			isa = PBXGroup;
			children = (
				3B416B8C26A80F5B00250A0D /* FreaksViewModel.swift */,
				12ECD1DE26A818E10069BD64 /* ListItemViewModel.swift */,
			);
			path = ViewModel;
			sourceTree = "<group>";
		};
		3B416B9426A8121600250A0D /* View */ = {
			isa = PBXGroup;
			children = (
				12DFB34D26A6F21E00CB25F7 /* ListItemView.swift */,
				3BDA054026A6EA840070BADB /* FreaksView.swift */,
				12FD8E3B26A9BB8D00EF05E8 /* FreaksButtonsView.swift */,
			);
			path = View;
			sourceTree = "<group>";
		};
/* End PBXGroup section */

/* Begin PBXNativeTarget section */
		121F7D7226A6B875005411ED /* Freaks (iOS) */ = {
			isa = PBXNativeTarget;
			buildConfigurationList = 121F7D9626A6B875005411ED /* Build configuration list for PBXNativeTarget "Freaks (iOS)" */;
			buildPhases = (
				1288EA1126A6DD7C0069512B /* ShellScript */,
				121F7D6F26A6B875005411ED /* Sources */,
				121F7D7026A6B875005411ED /* Frameworks */,
				121F7D7126A6B875005411ED /* Resources */,
			);
			buildRules = (
			);
			dependencies = (
			);
			name = "Freaks (iOS)";
			productName = "Freaks (iOS)";
			productReference = 121F7D7326A6B875005411ED /* Freaks.app */;
			productType = "com.apple.product-type.application";
		};
		121F7D7826A6B875005411ED /* Freaks (macOS) */ = {
			isa = PBXNativeTarget;
			buildConfigurationList = 121F7D9926A6B875005411ED /* Build configuration list for PBXNativeTarget "Freaks (macOS)" */;
			buildPhases = (
				121F7D7526A6B875005411ED /* Sources */,
				121F7D7626A6B875005411ED /* Frameworks */,
				121F7D7726A6B875005411ED /* Resources */,
			);
			buildRules = (
			);
			dependencies = (
			);
			name = "Freaks (macOS)";
			productName = "Freaks (macOS)";
			productReference = 121F7D7926A6B875005411ED /* Freaks.app */;
			productType = "com.apple.product-type.application";
		};
		12ECD1E426A82CB80069BD64 /* FreaksTests */ = {
			isa = PBXNativeTarget;
			buildConfigurationList = 12ECD1EB26A82CB80069BD64 /* Build configuration list for PBXNativeTarget "FreaksTests" */;
			buildPhases = (
				12ECD1E126A82CB80069BD64 /* Sources */,
				12ECD1E226A82CB80069BD64 /* Frameworks */,
				12ECD1E326A82CB80069BD64 /* Resources */,
			);
			buildRules = (
			);
			dependencies = (
				12ECD1EA26A82CB80069BD64 /* PBXTargetDependency */,
			);
			name = FreaksTests;
			productName = FreaksTests;
			productReference = 12ECD1E526A82CB80069BD64 /* FreaksTests.xctest */;
			productType = "com.apple.product-type.bundle.unit-test";
		};
/* End PBXNativeTarget section */

/* Begin PBXProject section */
		121F7D6726A6B874005411ED /* Project object */ = {
			isa = PBXProject;
			attributes = {
				BuildIndependentTargetsInParallel = 1;
				LastSwiftUpdateCheck = 1300;
				LastUpgradeCheck = 1300;
				TargetAttributes = {
					121F7D7226A6B875005411ED = {
						CreatedOnToolsVersion = 13.0;
					};
					121F7D7826A6B875005411ED = {
						CreatedOnToolsVersion = 13.0;
					};
					12ECD1E426A82CB80069BD64 = {
						CreatedOnToolsVersion = 13.0;
						TestTargetID = 121F7D7226A6B875005411ED;
					};
				};
			};
			buildConfigurationList = 121F7D6A26A6B874005411ED /* Build configuration list for PBXProject "Freaks" */;
			compatibilityVersion = "Xcode 13.0";
			developmentRegion = en;
			hasScannedForEncodings = 0;
			knownRegions = (
				en,
				Base,
			);
			mainGroup = 121F7D6626A6B874005411ED;
			productRefGroup = 121F7D7426A6B875005411ED /* Products */;
			projectDirPath = "";
			projectRoot = "";
			targets = (
				121F7D7226A6B875005411ED /* Freaks (iOS) */,
				121F7D7826A6B875005411ED /* Freaks (macOS) */,
				12ECD1E426A82CB80069BD64 /* FreaksTests */,
			);
		};
/* End PBXProject section */

/* Begin PBXResourcesBuildPhase section */
		121F7D7126A6B875005411ED /* Resources */ = {
			isa = PBXResourcesBuildPhase;
			buildActionMask = 2147483647;
			files = (
				121F7D9226A6B875005411ED /* Assets.xcassets in Resources */,
			);
			runOnlyForDeploymentPostprocessing = 0;
		};
		121F7D7726A6B875005411ED /* Resources */ = {
			isa = PBXResourcesBuildPhase;
			buildActionMask = 2147483647;
			files = (
				121F7D9326A6B875005411ED /* Assets.xcassets in Resources */,
			);
			runOnlyForDeploymentPostprocessing = 0;
		};
		12ECD1E326A82CB80069BD64 /* Resources */ = {
			isa = PBXResourcesBuildPhase;
			buildActionMask = 2147483647;
			files = (
			);
			runOnlyForDeploymentPostprocessing = 0;
		};
/* End PBXResourcesBuildPhase section */

/* Begin PBXShellScriptBuildPhase section */
		1288EA1126A6DD7C0069512B /* ShellScript */ = {
			isa = PBXShellScriptBuildPhase;
			buildActionMask = 2147483647;
			files = (
			);
			inputFileListPaths = (
			);
			inputPaths = (
			);
			outputFileListPaths = (
			);
			outputPaths = (
			);
			runOnlyForDeploymentPostprocessing = 0;
			shellPath = /bin/sh;
			shellScript = "cd BuildTools\nSDKROOT=macosx\n#swift package update #Uncomment this line temporarily to update the version used to the latest matching your BuildTools/Package.swift file\nswift run -c release swiftformat \"$SRCROOT\"\n\n";
		};
/* End PBXShellScriptBuildPhase section */

/* Begin PBXSourcesBuildPhase section */
		121F7D6F26A6B875005411ED /* Sources */ = {
			isa = PBXSourcesBuildPhase;
			buildActionMask = 2147483647;
			files = (
				12DFB34B26A6EE0200CB25F7 /* Freak.swift in Sources */,
				12ECD1DF26A818E10069BD64 /* ListItemViewModel.swift in Sources */,
				125FF4FC26A83B9500018CE8 /* FreakDetailsView.swift in Sources */,
				3B416B8D26A80F5B00250A0D /* FreaksViewModel.swift in Sources */,
				3BDA054126A6EA840070BADB /* FreaksView.swift in Sources */,
				125FF4FF26A83CBB00018CE8 /* FreakDetailsViewModel.swift in Sources */,
				121F7D8E26A6B875005411ED /* FreaksApp.swift in Sources */,
				12FD8E3C26A9BB8D00EF05E8 /* FreaksButtonsView.swift in Sources */,
				12DFB34E26A6F21E00CB25F7 /* ListItemView.swift in Sources */,
			);
			runOnlyForDeploymentPostprocessing = 0;
		};
		121F7D7526A6B875005411ED /* Sources */ = {
			isa = PBXSourcesBuildPhase;
			buildActionMask = 2147483647;
			files = (
				12DFB34C26A6EE0200CB25F7 /* Freak.swift in Sources */,
				12ECD1E026A818E10069BD64 /* ListItemViewModel.swift in Sources */,
				125FF4FD26A83B9500018CE8 /* FreakDetailsView.swift in Sources */,
				3B416B8E26A80F5B00250A0D /* FreaksViewModel.swift in Sources */,
				3BDA054226A6EA840070BADB /* FreaksView.swift in Sources */,
				125FF50026A83CBB00018CE8 /* FreakDetailsViewModel.swift in Sources */,
				121F7D8F26A6B875005411ED /* FreaksApp.swift in Sources */,
				12FD8E3D26A9BB8D00EF05E8 /* FreaksButtonsView.swift in Sources */,
				12DFB34F26A6F21E00CB25F7 /* ListItemView.swift in Sources */,
			);
			runOnlyForDeploymentPostprocessing = 0;
		};
		12ECD1E126A82CB80069BD64 /* Sources */ = {
			isa = PBXSourcesBuildPhase;
			buildActionMask = 2147483647;
			files = (
				12ECD1EE26A82CDA0069BD64 /* FreakTest.swift in Sources */,
			);
			runOnlyForDeploymentPostprocessing = 0;
		};
/* End PBXSourcesBuildPhase section */

/* Begin PBXTargetDependency section */
		12ECD1EA26A82CB80069BD64 /* PBXTargetDependency */ = {
			isa = PBXTargetDependency;
			target = 121F7D7226A6B875005411ED /* Freaks (iOS) */;
			targetProxy = 12ECD1E926A82CB80069BD64 /* PBXContainerItemProxy */;
		};
/* End PBXTargetDependency section */

/* Begin XCBuildConfiguration section */
		121F7D9426A6B875005411ED /* Debug */ = {
			isa = XCBuildConfiguration;
			buildSettings = {
				ALWAYS_SEARCH_USER_PATHS = NO;
				CLANG_ANALYZER_NONNULL = YES;
				CLANG_ANALYZER_NUMBER_OBJECT_CONVERSION = YES_AGGRESSIVE;
				CLANG_CXX_LANGUAGE_STANDARD = "gnu++17";
				CLANG_CXX_LIBRARY = "libc++";
				CLANG_ENABLE_MODULES = YES;
				CLANG_ENABLE_OBJC_ARC = YES;
				CLANG_ENABLE_OBJC_WEAK = YES;
				CLANG_WARN_BLOCK_CAPTURE_AUTORELEASING = YES;
				CLANG_WARN_BOOL_CONVERSION = YES;
				CLANG_WARN_COMMA = YES;
				CLANG_WARN_CONSTANT_CONVERSION = YES;
				CLANG_WARN_DEPRECATED_OBJC_IMPLEMENTATIONS = YES;
				CLANG_WARN_DIRECT_OBJC_ISA_USAGE = YES_ERROR;
				CLANG_WARN_DOCUMENTATION_COMMENTS = YES;
				CLANG_WARN_EMPTY_BODY = YES;
				CLANG_WARN_ENUM_CONVERSION = YES;
				CLANG_WARN_INFINITE_RECURSION = YES;
				CLANG_WARN_INT_CONVERSION = YES;
				CLANG_WARN_NON_LITERAL_NULL_CONVERSION = YES;
				CLANG_WARN_OBJC_IMPLICIT_RETAIN_SELF = YES;
				CLANG_WARN_OBJC_LITERAL_CONVERSION = YES;
				CLANG_WARN_OBJC_ROOT_CLASS = YES_ERROR;
				CLANG_WARN_QUOTED_INCLUDE_IN_FRAMEWORK_HEADER = YES;
				CLANG_WARN_RANGE_LOOP_ANALYSIS = YES;
				CLANG_WARN_STRICT_PROTOTYPES = YES;
				CLANG_WARN_SUSPICIOUS_MOVE = YES;
				CLANG_WARN_UNGUARDED_AVAILABILITY = YES_AGGRESSIVE;
				CLANG_WARN_UNREACHABLE_CODE = YES;
				CLANG_WARN__DUPLICATE_METHOD_MATCH = YES;
				COPY_PHASE_STRIP = NO;
				DEBUG_INFORMATION_FORMAT = dwarf;
				ENABLE_STRICT_OBJC_MSGSEND = YES;
				ENABLE_TESTABILITY = YES;
				GCC_C_LANGUAGE_STANDARD = gnu11;
				GCC_DYNAMIC_NO_PIC = NO;
				GCC_NO_COMMON_BLOCKS = YES;
				GCC_OPTIMIZATION_LEVEL = 0;
				GCC_PREPROCESSOR_DEFINITIONS = (
					"DEBUG=1",
					"$(inherited)",
				);
				GCC_WARN_64_TO_32_BIT_CONVERSION = YES;
				GCC_WARN_ABOUT_RETURN_TYPE = YES_ERROR;
				GCC_WARN_UNDECLARED_SELECTOR = YES;
				GCC_WARN_UNINITIALIZED_AUTOS = YES_AGGRESSIVE;
				GCC_WARN_UNUSED_FUNCTION = YES;
				GCC_WARN_UNUSED_VARIABLE = YES;
				IPHONEOS_DEPLOYMENT_TARGET = 15.0;
				MACOSX_DEPLOYMENT_TARGET = 11.5;
				MTL_ENABLE_DEBUG_INFO = INCLUDE_SOURCE;
				MTL_FAST_MATH = YES;
				ONLY_ACTIVE_ARCH = YES;
				SWIFT_ACTIVE_COMPILATION_CONDITIONS = DEBUG;
				SWIFT_OPTIMIZATION_LEVEL = "-Onone";
				SWIFT_VERSION = 5.0;
			};
			name = Debug;
		};
		121F7D9526A6B875005411ED /* Release */ = {
			isa = XCBuildConfiguration;
			buildSettings = {
				ALWAYS_SEARCH_USER_PATHS = NO;
				CLANG_ANALYZER_NONNULL = YES;
				CLANG_ANALYZER_NUMBER_OBJECT_CONVERSION = YES_AGGRESSIVE;
				CLANG_CXX_LANGUAGE_STANDARD = "gnu++17";
				CLANG_CXX_LIBRARY = "libc++";
				CLANG_ENABLE_MODULES = YES;
				CLANG_ENABLE_OBJC_ARC = YES;
				CLANG_ENABLE_OBJC_WEAK = YES;
				CLANG_WARN_BLOCK_CAPTURE_AUTORELEASING = YES;
				CLANG_WARN_BOOL_CONVERSION = YES;
				CLANG_WARN_COMMA = YES;
				CLANG_WARN_CONSTANT_CONVERSION = YES;
				CLANG_WARN_DEPRECATED_OBJC_IMPLEMENTATIONS = YES;
				CLANG_WARN_DIRECT_OBJC_ISA_USAGE = YES_ERROR;
				CLANG_WARN_DOCUMENTATION_COMMENTS = YES;
				CLANG_WARN_EMPTY_BODY = YES;
				CLANG_WARN_ENUM_CONVERSION = YES;
				CLANG_WARN_INFINITE_RECURSION = YES;
				CLANG_WARN_INT_CONVERSION = YES;
				CLANG_WARN_NON_LITERAL_NULL_CONVERSION = YES;
				CLANG_WARN_OBJC_IMPLICIT_RETAIN_SELF = YES;
				CLANG_WARN_OBJC_LITERAL_CONVERSION = YES;
				CLANG_WARN_OBJC_ROOT_CLASS = YES_ERROR;
				CLANG_WARN_QUOTED_INCLUDE_IN_FRAMEWORK_HEADER = YES;
				CLANG_WARN_RANGE_LOOP_ANALYSIS = YES;
				CLANG_WARN_STRICT_PROTOTYPES = YES;
				CLANG_WARN_SUSPICIOUS_MOVE = YES;
				CLANG_WARN_UNGUARDED_AVAILABILITY = YES_AGGRESSIVE;
				CLANG_WARN_UNREACHABLE_CODE = YES;
				CLANG_WARN__DUPLICATE_METHOD_MATCH = YES;
				COPY_PHASE_STRIP = NO;
				DEBUG_INFORMATION_FORMAT = "dwarf-with-dsym";
				ENABLE_NS_ASSERTIONS = NO;
				ENABLE_STRICT_OBJC_MSGSEND = YES;
				GCC_C_LANGUAGE_STANDARD = gnu11;
				GCC_NO_COMMON_BLOCKS = YES;
				GCC_WARN_64_TO_32_BIT_CONVERSION = YES;
				GCC_WARN_ABOUT_RETURN_TYPE = YES_ERROR;
				GCC_WARN_UNDECLARED_SELECTOR = YES;
				GCC_WARN_UNINITIALIZED_AUTOS = YES_AGGRESSIVE;
				GCC_WARN_UNUSED_FUNCTION = YES;
				GCC_WARN_UNUSED_VARIABLE = YES;
				IPHONEOS_DEPLOYMENT_TARGET = 15.0;
				MACOSX_DEPLOYMENT_TARGET = 11.5;
				MTL_ENABLE_DEBUG_INFO = NO;
				MTL_FAST_MATH = YES;
				SWIFT_COMPILATION_MODE = wholemodule;
				SWIFT_OPTIMIZATION_LEVEL = "-O";
				SWIFT_VERSION = 5.0;
			};
			name = Release;
		};
		121F7D9726A6B875005411ED /* Debug */ = {
			isa = XCBuildConfiguration;
			buildSettings = {
				ASSETCATALOG_COMPILER_APPICON_NAME = AppIcon;
				ASSETCATALOG_COMPILER_GLOBAL_ACCENT_COLOR_NAME = AccentColor;
				CODE_SIGN_STYLE = Automatic;
				CURRENT_PROJECT_VERSION = 1;
				ENABLE_PREVIEWS = YES;
				GENERATE_INFOPLIST_FILE = YES;
				INFOPLIST_FILE = "Freaks--iOS--Info.plist";
				INFOPLIST_KEY_CFBundleExecutable = Freaks;
				INFOPLIST_KEY_CFBundleName = Freaks;
				INFOPLIST_KEY_CFBundleVersion = 1;
				INFOPLIST_KEY_UIApplicationSceneManifest_Generation = YES;
				INFOPLIST_KEY_UIApplicationSupportsIndirectInputEvents = YES;
				INFOPLIST_KEY_UILaunchScreen_Generation = YES;
				INFOPLIST_KEY_UISupportedInterfaceOrientations_iPad = "UIInterfaceOrientationPortrait UIInterfaceOrientationPortraitUpsideDown UIInterfaceOrientationLandscapeLeft UIInterfaceOrientationLandscapeRight";
				INFOPLIST_KEY_UISupportedInterfaceOrientations_iPhone = "UIInterfaceOrientationPortrait UIInterfaceOrientationLandscapeLeft UIInterfaceOrientationLandscapeRight";
				LD_RUNPATH_SEARCH_PATHS = (
					"$(inherited)",
					"@executable_path/Frameworks",
				);
				MARKETING_VERSION = 1.0;
				PRODUCT_BUNDLE_IDENTIFIER = com.agile.Freaks;
				PRODUCT_NAME = Freaks;
				SDKROOT = iphoneos;
				SWIFT_EMIT_LOC_STRINGS = YES;
				TARGETED_DEVICE_FAMILY = "1,2";
			};
			name = Debug;
		};
		121F7D9826A6B875005411ED /* Release */ = {
			isa = XCBuildConfiguration;
			buildSettings = {
				ASSETCATALOG_COMPILER_APPICON_NAME = AppIcon;
				ASSETCATALOG_COMPILER_GLOBAL_ACCENT_COLOR_NAME = AccentColor;
				CODE_SIGN_STYLE = Automatic;
				CURRENT_PROJECT_VERSION = 1;
				ENABLE_PREVIEWS = YES;
				GENERATE_INFOPLIST_FILE = YES;
				INFOPLIST_FILE = "Freaks--iOS--Info.plist";
				INFOPLIST_KEY_CFBundleExecutable = Freaks;
				INFOPLIST_KEY_CFBundleName = Freaks;
				INFOPLIST_KEY_CFBundleVersion = 1;
				INFOPLIST_KEY_UIApplicationSceneManifest_Generation = YES;
				INFOPLIST_KEY_UIApplicationSupportsIndirectInputEvents = YES;
				INFOPLIST_KEY_UILaunchScreen_Generation = YES;
				INFOPLIST_KEY_UISupportedInterfaceOrientations_iPad = "UIInterfaceOrientationPortrait UIInterfaceOrientationPortraitUpsideDown UIInterfaceOrientationLandscapeLeft UIInterfaceOrientationLandscapeRight";
				INFOPLIST_KEY_UISupportedInterfaceOrientations_iPhone = "UIInterfaceOrientationPortrait UIInterfaceOrientationLandscapeLeft UIInterfaceOrientationLandscapeRight";
				LD_RUNPATH_SEARCH_PATHS = (
					"$(inherited)",
					"@executable_path/Frameworks",
				);
				MARKETING_VERSION = 1.0;
				PRODUCT_BUNDLE_IDENTIFIER = com.agile.Freaks;
				PRODUCT_NAME = Freaks;
				SDKROOT = iphoneos;
				SWIFT_EMIT_LOC_STRINGS = YES;
				TARGETED_DEVICE_FAMILY = "1,2";
				VALIDATE_PRODUCT = YES;
			};
			name = Release;
		};
		121F7D9A26A6B875005411ED /* Debug */ = {
			isa = XCBuildConfiguration;
			buildSettings = {
				ASSETCATALOG_COMPILER_APPICON_NAME = AppIcon;
				ASSETCATALOG_COMPILER_GLOBAL_ACCENT_COLOR_NAME = AccentColor;
				CODE_SIGN_STYLE = Automatic;
				COMBINE_HIDPI_IMAGES = YES;
				CURRENT_PROJECT_VERSION = 1;
				ENABLE_APP_SANDBOX = YES;
				ENABLE_PREVIEWS = YES;
				ENABLE_USER_SELECTED_FILES = readonly;
				GENERATE_INFOPLIST_FILE = YES;
				INFOPLIST_KEY_NSHumanReadableCopyright = "";
				LD_RUNPATH_SEARCH_PATHS = (
					"$(inherited)",
					"@executable_path/../Frameworks",
				);
				MARKETING_VERSION = 1.0;
				PRODUCT_BUNDLE_IDENTIFIER = com.agile.Freaks;
				PRODUCT_NAME = Freaks;
				SDKROOT = macosx;
				SWIFT_EMIT_LOC_STRINGS = YES;
			};
			name = Debug;
		};
		121F7D9B26A6B875005411ED /* Release */ = {
			isa = XCBuildConfiguration;
			buildSettings = {
				ASSETCATALOG_COMPILER_APPICON_NAME = AppIcon;
				ASSETCATALOG_COMPILER_GLOBAL_ACCENT_COLOR_NAME = AccentColor;
				CODE_SIGN_STYLE = Automatic;
				COMBINE_HIDPI_IMAGES = YES;
				CURRENT_PROJECT_VERSION = 1;
				ENABLE_APP_SANDBOX = YES;
				ENABLE_PREVIEWS = YES;
				ENABLE_USER_SELECTED_FILES = readonly;
				GENERATE_INFOPLIST_FILE = YES;
				INFOPLIST_KEY_NSHumanReadableCopyright = "";
				LD_RUNPATH_SEARCH_PATHS = (
					"$(inherited)",
					"@executable_path/../Frameworks",
				);
				MARKETING_VERSION = 1.0;
				PRODUCT_BUNDLE_IDENTIFIER = com.agile.Freaks;
				PRODUCT_NAME = Freaks;
				SDKROOT = macosx;
				SWIFT_EMIT_LOC_STRINGS = YES;
			};
			name = Release;
		};
		12ECD1EC26A82CB80069BD64 /* Debug */ = {
			isa = XCBuildConfiguration;
			buildSettings = {
				BUNDLE_LOADER = "$(TEST_HOST)";
				CODE_SIGN_STYLE = Automatic;
				CURRENT_PROJECT_VERSION = 1;
				GENERATE_INFOPLIST_FILE = YES;
				LD_RUNPATH_SEARCH_PATHS = (
					"$(inherited)",
					"@executable_path/Frameworks",
					"@loader_path/Frameworks",
				);
				MARKETING_VERSION = 1.0;
				PRODUCT_BUNDLE_IDENTIFIER = com.agile.FreaksTests;
				PRODUCT_NAME = "$(TARGET_NAME)";
				SDKROOT = iphoneos;
				SWIFT_EMIT_LOC_STRINGS = NO;
				SWIFT_VERSION = 5.0;
				TARGETED_DEVICE_FAMILY = "1,2";
				TEST_HOST = "$(BUILT_PRODUCTS_DIR)/Freaks.app/Freaks";
			};
			name = Debug;
		};
		12ECD1ED26A82CB80069BD64 /* Release */ = {
			isa = XCBuildConfiguration;
			buildSettings = {
				BUNDLE_LOADER = "$(TEST_HOST)";
				CODE_SIGN_STYLE = Automatic;
				CURRENT_PROJECT_VERSION = 1;
				GENERATE_INFOPLIST_FILE = YES;
				LD_RUNPATH_SEARCH_PATHS = (
					"$(inherited)",
					"@executable_path/Frameworks",
					"@loader_path/Frameworks",
				);
				MARKETING_VERSION = 1.0;
				PRODUCT_BUNDLE_IDENTIFIER = com.agile.FreaksTests;
				PRODUCT_NAME = "$(TARGET_NAME)";
				SDKROOT = iphoneos;
				SWIFT_EMIT_LOC_STRINGS = NO;
				SWIFT_VERSION = 5.0;
				TARGETED_DEVICE_FAMILY = "1,2";
				TEST_HOST = "$(BUILT_PRODUCTS_DIR)/Freaks.app/Freaks";
				VALIDATE_PRODUCT = YES;
			};
			name = Release;
		};
/* End XCBuildConfiguration section */

/* Begin XCConfigurationList section */
		121F7D6A26A6B874005411ED /* Build configuration list for PBXProject "Freaks" */ = {
			isa = XCConfigurationList;
			buildConfigurations = (
				121F7D9426A6B875005411ED /* Debug */,
				121F7D9526A6B875005411ED /* Release */,
			);
			defaultConfigurationIsVisible = 0;
			defaultConfigurationName = Release;
		};
		121F7D9626A6B875005411ED /* Build configuration list for PBXNativeTarget "Freaks (iOS)" */ = {
			isa = XCConfigurationList;
			buildConfigurations = (
				121F7D9726A6B875005411ED /* Debug */,
				121F7D9826A6B875005411ED /* Release */,
			);
			defaultConfigurationIsVisible = 0;
			defaultConfigurationName = Release;
		};
		121F7D9926A6B875005411ED /* Build configuration list for PBXNativeTarget "Freaks (macOS)" */ = {
			isa = XCConfigurationList;
			buildConfigurations = (
				121F7D9A26A6B875005411ED /* Debug */,
				121F7D9B26A6B875005411ED /* Release */,
			);
			defaultConfigurationIsVisible = 0;
			defaultConfigurationName = Release;
		};
		12ECD1EB26A82CB80069BD64 /* Build configuration list for PBXNativeTarget "FreaksTests" */ = {
			isa = XCConfigurationList;
			buildConfigurations = (
				12ECD1EC26A82CB80069BD64 /* Debug */,
				12ECD1ED26A82CB80069BD64 /* Release */,
			);
			defaultConfigurationIsVisible = 0;
			defaultConfigurationName = Release;
		};
/* End XCConfigurationList section */
	};
	rootObject = 121F7D6726A6B874005411ED /* Project object */;
}
