// !$*UTF8*$!
{
	archiveVersion = 1;
	classes = {
	};
	objectVersion = 55;
	objects = {

/* Begin PBXBuildFile section */
		121F7D8326A6B875005411ED /* Tests_iOS.swift in Sources */ = {isa = PBXBuildFile; fileRef = 121F7D8226A6B875005411ED /* Tests_iOS.swift */; };
		121F7D8D26A6B875005411ED /* Tests_macOS.swift in Sources */ = {isa = PBXBuildFile; fileRef = 121F7D8C26A6B875005411ED /* Tests_macOS.swift */; };
		121F7D8E26A6B875005411ED /* FreaksApp.swift in Sources */ = {isa = PBXBuildFile; fileRef = 121F7D6C26A6B874005411ED /* FreaksApp.swift */; };
		121F7D8F26A6B875005411ED /* FreaksApp.swift in Sources */ = {isa = PBXBuildFile; fileRef = 121F7D6C26A6B874005411ED /* FreaksApp.swift */; };
		121F7D9026A6B875005411ED /* ContentView.swift in Sources */ = {isa = PBXBuildFile; fileRef = 121F7D6D26A6B874005411ED /* ContentView.swift */; };
		121F7D9126A6B875005411ED /* ContentView.swift in Sources */ = {isa = PBXBuildFile; fileRef = 121F7D6D26A6B874005411ED /* ContentView.swift */; };
		121F7D9226A6B875005411ED /* Assets.xcassets in Resources */ = {isa = PBXBuildFile; fileRef = 121F7D6E26A6B875005411ED /* Assets.xcassets */; };
		121F7D9326A6B875005411ED /* Assets.xcassets in Resources */ = {isa = PBXBuildFile; fileRef = 121F7D6E26A6B875005411ED /* Assets.xcassets */; };
/* End PBXBuildFile section */

/* Begin PBXContainerItemProxy section */
		121F7D7F26A6B875005411ED /* PBXContainerItemProxy */ = {
			isa = PBXContainerItemProxy;
			containerPortal = 121F7D6726A6B874005411ED /* Project object */;
			proxyType = 1;
			remoteGlobalIDString = 121F7D7226A6B875005411ED;
			remoteInfo = "Freaks (iOS)";
		};
		121F7D8926A6B875005411ED /* PBXContainerItemProxy */ = {
			isa = PBXContainerItemProxy;
			containerPortal = 121F7D6726A6B874005411ED /* Project object */;
			proxyType = 1;
			remoteGlobalIDString = 121F7D7826A6B875005411ED;
			remoteInfo = "Freaks (macOS)";
		};
/* End PBXContainerItemProxy section */

/* Begin PBXFileReference section */
		121F7D6C26A6B874005411ED /* FreaksApp.swift */ = {isa = PBXFileReference; lastKnownFileType = sourcecode.swift; path = FreaksApp.swift; sourceTree = "<group>"; };
		121F7D6D26A6B874005411ED /* ContentView.swift */ = {isa = PBXFileReference; lastKnownFileType = sourcecode.swift; path = ContentView.swift; sourceTree = "<group>"; };
		121F7D6E26A6B875005411ED /* Assets.xcassets */ = {isa = PBXFileReference; lastKnownFileType = folder.assetcatalog; path = Assets.xcassets; sourceTree = "<group>"; };
		121F7D7326A6B875005411ED /* Freaks.app */ = {isa = PBXFileReference; explicitFileType = wrapper.application; includeInIndex = 0; path = Freaks.app; sourceTree = BUILT_PRODUCTS_DIR; };
		121F7D7926A6B875005411ED /* Freaks.app */ = {isa = PBXFileReference; explicitFileType = wrapper.application; includeInIndex = 0; path = Freaks.app; sourceTree = BUILT_PRODUCTS_DIR; };
		121F7D7E26A6B875005411ED /* Tests iOS.xctest */ = {isa = PBXFileReference; explicitFileType = wrapper.cfbundle; includeInIndex = 0; path = "Tests iOS.xctest"; sourceTree = BUILT_PRODUCTS_DIR; };
		121F7D8226A6B875005411ED /* Tests_iOS.swift */ = {isa = PBXFileReference; lastKnownFileType = sourcecode.swift; path = Tests_iOS.swift; sourceTree = "<group>"; };
		121F7D8826A6B875005411ED /* Tests macOS.xctest */ = {isa = PBXFileReference; explicitFileType = wrapper.cfbundle; includeInIndex = 0; path = "Tests macOS.xctest"; sourceTree = BUILT_PRODUCTS_DIR; };
		121F7D8C26A6B875005411ED /* Tests_macOS.swift */ = {isa = PBXFileReference; lastKnownFileType = sourcecode.swift; path = Tests_macOS.swift; sourceTree = "<group>"; };
/* End PBXFileReference section */

/* Begin PBXFrameworksBuildPhase section */
		121F7D7026A6B875005411ED /* Frameworks */ = {
			isa = PBXFrameworksBuildPhase;
			buildActionMask = 2147483647;
			files = (
			);
			runOnlyForDeploymentPostprocessing = 0;
		};
		121F7D7626A6B875005411ED /* Frameworks */ = {
			isa = PBXFrameworksBuildPhase;
			buildActionMask = 2147483647;
			files = (
			);
			runOnlyForDeploymentPostprocessing = 0;
		};
		121F7D7B26A6B875005411ED /* Frameworks */ = {
			isa = PBXFrameworksBuildPhase;
			buildActionMask = 2147483647;
			files = (
			);
			runOnlyForDeploymentPostprocessing = 0;
		};
		121F7D8526A6B875005411ED /* Frameworks */ = {
			isa = PBXFrameworksBuildPhase;
			buildActionMask = 2147483647;
			files = (
			);
			runOnlyForDeploymentPostprocessing = 0;
		};
/* End PBXFrameworksBuildPhase section */

/* Begin PBXGroup section */
		121F7D6626A6B874005411ED = {
			isa = PBXGroup;
			children = (
				121F7D6B26A6B874005411ED /* Shared */,
				121F7D8126A6B875005411ED /* Tests iOS */,
				121F7D8B26A6B875005411ED /* Tests macOS */,
				121F7D7426A6B875005411ED /* Products */,
			);
			sourceTree = "<group>";
		};
		121F7D6B26A6B874005411ED /* Shared */ = {
			isa = PBXGroup;
			children = (
				121F7D6C26A6B874005411ED /* FreaksApp.swift */,
				121F7D6D26A6B874005411ED /* ContentView.swift */,
				121F7D6E26A6B875005411ED /* Assets.xcassets */,
			);
			path = Shared;
			sourceTree = "<group>";
		};
		121F7D7426A6B875005411ED /* Products */ = {
			isa = PBXGroup;
			children = (
				121F7D7326A6B875005411ED /* Freaks.app */,
				121F7D7926A6B875005411ED /* Freaks.app */,
				121F7D7E26A6B875005411ED /* Tests iOS.xctest */,
				121F7D8826A6B875005411ED /* Tests macOS.xctest */,
			);
			name = Products;
			sourceTree = "<group>";
		};
		121F7D8126A6B875005411ED /* Tests iOS */ = {
			isa = PBXGroup;
			children = (
				121F7D8226A6B875005411ED /* Tests_iOS.swift */,
			);
			path = "Tests iOS";
			sourceTree = "<group>";
		};
		121F7D8B26A6B875005411ED /* Tests macOS */ = {
			isa = PBXGroup;
			children = (
				121F7D8C26A6B875005411ED /* Tests_macOS.swift */,
			);
			path = "Tests macOS";
			sourceTree = "<group>";
		};
/* End PBXGroup section */

/* Begin PBXNativeTarget section */
		121F7D7226A6B875005411ED /* Freaks (iOS) */ = {
			isa = PBXNativeTarget;
			buildConfigurationList = 121F7D9626A6B875005411ED /* Build configuration list for PBXNativeTarget "Freaks (iOS)" */;
			buildPhases = (
				121F7D6F26A6B875005411ED /* Sources */,
				121F7D7026A6B875005411ED /* Frameworks */,
				121F7D7126A6B875005411ED /* Resources */,
			);
			buildRules = (
			);
			dependencies = (
			);
			name = "Freaks (iOS)";
			productName = "Freaks (iOS)";
			productReference = 121F7D7326A6B875005411ED /* Freaks.app */;
			productType = "com.apple.product-type.application";
		};
		121F7D7826A6B875005411ED /* Freaks (macOS) */ = {
			isa = PBXNativeTarget;
			buildConfigurationList = 121F7D9926A6B875005411ED /* Build configuration list for PBXNativeTarget "Freaks (macOS)" */;
			buildPhases = (
				121F7D7526A6B875005411ED /* Sources */,
				121F7D7626A6B875005411ED /* Frameworks */,
				121F7D7726A6B875005411ED /* Resources */,
			);
			buildRules = (
			);
			dependencies = (
			);
			name = "Freaks (macOS)";
			productName = "Freaks (macOS)";
			productReference = 121F7D7926A6B875005411ED /* Freaks.app */;
			productType = "com.apple.product-type.application";
		};
		121F7D7D26A6B875005411ED /* Tests iOS */ = {
			isa = PBXNativeTarget;
			buildConfigurationList = 121F7D9C26A6B875005411ED /* Build configuration list for PBXNativeTarget "Tests iOS" */;
			buildPhases = (
				121F7D7A26A6B875005411ED /* Sources */,
				121F7D7B26A6B875005411ED /* Frameworks */,
				121F7D7C26A6B875005411ED /* Resources */,
			);
			buildRules = (
			);
			dependencies = (
				121F7D8026A6B875005411ED /* PBXTargetDependency */,
			);
			name = "Tests iOS";
			productName = "Tests iOS";
			productReference = 121F7D7E26A6B875005411ED /* Tests iOS.xctest */;
			productType = "com.apple.product-type.bundle.ui-testing";
		};
		121F7D8726A6B875005411ED /* Tests macOS */ = {
			isa = PBXNativeTarget;
			buildConfigurationList = 121F7D9F26A6B875005411ED /* Build configuration list for PBXNativeTarget "Tests macOS" */;
			buildPhases = (
				121F7D8426A6B875005411ED /* Sources */,
				121F7D8526A6B875005411ED /* Frameworks */,
				121F7D8626A6B875005411ED /* Resources */,
			);
			buildRules = (
			);
			dependencies = (
				121F7D8A26A6B875005411ED /* PBXTargetDependency */,
			);
			name = "Tests macOS";
			productName = "Tests macOS";
			productReference = 121F7D8826A6B875005411ED /* Tests macOS.xctest */;
			productType = "com.apple.product-type.bundle.ui-testing";
		};
/* End PBXNativeTarget section */

/* Begin PBXProject section */
		121F7D6726A6B874005411ED /* Project object */ = {
			isa = PBXProject;
			attributes = {
				BuildIndependentTargetsInParallel = 1;
				LastSwiftUpdateCheck = 1300;
				LastUpgradeCheck = 1300;
				TargetAttributes = {
					121F7D7226A6B875005411ED = {
						CreatedOnToolsVersion = 13.0;
					};
					121F7D7826A6B875005411ED = {
						CreatedOnToolsVersion = 13.0;
					};
					121F7D7D26A6B875005411ED = {
						CreatedOnToolsVersion = 13.0;
						TestTargetID = 121F7D7226A6B875005411ED;
					};
					121F7D8726A6B875005411ED = {
						CreatedOnToolsVersion = 13.0;
						TestTargetID = 121F7D7826A6B875005411ED;
					};
				};
			};
			buildConfigurationList = 121F7D6A26A6B874005411ED /* Build configuration list for PBXProject "Freaks" */;
			compatibilityVersion = "Xcode 13.0";
			developmentRegion = en;
			hasScannedForEncodings = 0;
			knownRegions = (
				en,
				Base,
			);
			mainGroup = 121F7D6626A6B874005411ED;
			productRefGroup = 121F7D7426A6B875005411ED /* Products */;
			projectDirPath = "";
			projectRoot = "";
			targets = (
				121F7D7226A6B875005411ED /* Freaks (iOS) */,
				121F7D7826A6B875005411ED /* Freaks (macOS) */,
				121F7D7D26A6B875005411ED /* Tests iOS */,
				121F7D8726A6B875005411ED /* Tests macOS */,
			);
		};
/* End PBXProject section */

/* Begin PBXResourcesBuildPhase section */
		121F7D7126A6B875005411ED /* Resources */ = {
			isa = PBXResourcesBuildPhase;
			buildActionMask = 2147483647;
			files = (
				121F7D9226A6B875005411ED /* Assets.xcassets in Resources */,
			);
			runOnlyForDeploymentPostprocessing = 0;
		};
		121F7D7726A6B875005411ED /* Resources */ = {
			isa = PBXResourcesBuildPhase;
			buildActionMask = 2147483647;
			files = (
				121F7D9326A6B875005411ED /* Assets.xcassets in Resources */,
			);
			runOnlyForDeploymentPostprocessing = 0;
		};
		121F7D7C26A6B875005411ED /* Resources */ = {
			isa = PBXResourcesBuildPhase;
			buildActionMask = 2147483647;
			files = (
			);
			runOnlyForDeploymentPostprocessing = 0;
		};
		121F7D8626A6B875005411ED /* Resources */ = {
			isa = PBXResourcesBuildPhase;
			buildActionMask = 2147483647;
			files = (
			);
			runOnlyForDeploymentPostprocessing = 0;
		};
/* End PBXResourcesBuildPhase section */

/* Begin PBXSourcesBuildPhase section */
		121F7D6F26A6B875005411ED /* Sources */ = {
			isa = PBXSourcesBuildPhase;
			buildActionMask = 2147483647;
			files = (
				121F7D9026A6B875005411ED /* ContentView.swift in Sources */,
				121F7D8E26A6B875005411ED /* FreaksApp.swift in Sources */,
			);
			runOnlyForDeploymentPostprocessing = 0;
		};
		121F7D7526A6B875005411ED /* Sources */ = {
			isa = PBXSourcesBuildPhase;
			buildActionMask = 2147483647;
			files = (
				121F7D9126A6B875005411ED /* ContentView.swift in Sources */,
				121F7D8F26A6B875005411ED /* FreaksApp.swift in Sources */,
			);
			runOnlyForDeploymentPostprocessing = 0;
		};
		121F7D7A26A6B875005411ED /* Sources */ = {
			isa = PBXSourcesBuildPhase;
			buildActionMask = 2147483647;
			files = (
				121F7D8326A6B875005411ED /* Tests_iOS.swift in Sources */,
			);
			runOnlyForDeploymentPostprocessing = 0;
		};
		121F7D8426A6B875005411ED /* Sources */ = {
			isa = PBXSourcesBuildPhase;
			buildActionMask = 2147483647;
			files = (
				121F7D8D26A6B875005411ED /* Tests_macOS.swift in Sources */,
			);
			runOnlyForDeploymentPostprocessing = 0;
		};
/* End PBXSourcesBuildPhase section */

/* Begin PBXTargetDependency section */
		121F7D8026A6B875005411ED /* PBXTargetDependency */ = {
			isa = PBXTargetDependency;
			target = 121F7D7226A6B875005411ED /* Freaks (iOS) */;
			targetProxy = 121F7D7F26A6B875005411ED /* PBXContainerItemProxy */;
		};
		121F7D8A26A6B875005411ED /* PBXTargetDependency */ = {
			isa = PBXTargetDependency;
			target = 121F7D7826A6B875005411ED /* Freaks (macOS) */;
			targetProxy = 121F7D8926A6B875005411ED /* PBXContainerItemProxy */;
		};
/* End PBXTargetDependency section */

/* Begin XCBuildConfiguration section */
		121F7D9426A6B875005411ED /* Debug */ = {
			isa = XCBuildConfiguration;
			buildSettings = {
				ALWAYS_SEARCH_USER_PATHS = NO;
				CLANG_ANALYZER_NONNULL = YES;
				CLANG_ANALYZER_NUMBER_OBJECT_CONVERSION = YES_AGGRESSIVE;
				CLANG_CXX_LANGUAGE_STANDARD = "gnu++17";
				CLANG_CXX_LIBRARY = "libc++";
				CLANG_ENABLE_MODULES = YES;
				CLANG_ENABLE_OBJC_ARC = YES;
				CLANG_ENABLE_OBJC_WEAK = YES;
				CLANG_WARN_BLOCK_CAPTURE_AUTORELEASING = YES;
				CLANG_WARN_BOOL_CONVERSION = YES;
				CLANG_WARN_COMMA = YES;
				CLANG_WARN_CONSTANT_CONVERSION = YES;
				CLANG_WARN_DEPRECATED_OBJC_IMPLEMENTATIONS = YES;
				CLANG_WARN_DIRECT_OBJC_ISA_USAGE = YES_ERROR;
				CLANG_WARN_DOCUMENTATION_COMMENTS = YES;
				CLANG_WARN_EMPTY_BODY = YES;
				CLANG_WARN_ENUM_CONVERSION = YES;
				CLANG_WARN_INFINITE_RECURSION = YES;
				CLANG_WARN_INT_CONVERSION = YES;
				CLANG_WARN_NON_LITERAL_NULL_CONVERSION = YES;
				CLANG_WARN_OBJC_IMPLICIT_RETAIN_SELF = YES;
				CLANG_WARN_OBJC_LITERAL_CONVERSION = YES;
				CLANG_WARN_OBJC_ROOT_CLASS = YES_ERROR;
				CLANG_WARN_QUOTED_INCLUDE_IN_FRAMEWORK_HEADER = YES;
				CLANG_WARN_RANGE_LOOP_ANALYSIS = YES;
				CLANG_WARN_STRICT_PROTOTYPES = YES;
				CLANG_WARN_SUSPICIOUS_MOVE = YES;
				CLANG_WARN_UNGUARDED_AVAILABILITY = YES_AGGRESSIVE;
				CLANG_WARN_UNREACHABLE_CODE = YES;
				CLANG_WARN__DUPLICATE_METHOD_MATCH = YES;
				COPY_PHASE_STRIP = NO;
				DEBUG_INFORMATION_FORMAT = dwarf;
				ENABLE_STRICT_OBJC_MSGSEND = YES;
				ENABLE_TESTABILITY = YES;
				GCC_C_LANGUAGE_STANDARD = gnu11;
				GCC_DYNAMIC_NO_PIC = NO;
				GCC_NO_COMMON_BLOCKS = YES;
				GCC_OPTIMIZATION_LEVEL = 0;
				GCC_PREPROCESSOR_DEFINITIONS = (
					"DEBUG=1",
					"$(inherited)",
				);
				GCC_WARN_64_TO_32_BIT_CONVERSION = YES;
				GCC_WARN_ABOUT_RETURN_TYPE = YES_ERROR;
				GCC_WARN_UNDECLARED_SELECTOR = YES;
				GCC_WARN_UNINITIALIZED_AUTOS = YES_AGGRESSIVE;
				GCC_WARN_UNUSED_FUNCTION = YES;
				GCC_WARN_UNUSED_VARIABLE = YES;
				MTL_ENABLE_DEBUG_INFO = INCLUDE_SOURCE;
				MTL_FAST_MATH = YES;
				ONLY_ACTIVE_ARCH = YES;
				SWIFT_ACTIVE_COMPILATION_CONDITIONS = DEBUG;
				SWIFT_OPTIMIZATION_LEVEL = "-Onone";
			};
			name = Debug;
		};
		121F7D9526A6B875005411ED /* Release */ = {
			isa = XCBuildConfiguration;
			buildSettings = {
				ALWAYS_SEARCH_USER_PATHS = NO;
				CLANG_ANALYZER_NONNULL = YES;
				CLANG_ANALYZER_NUMBER_OBJECT_CONVERSION = YES_AGGRESSIVE;
				CLANG_CXX_LANGUAGE_STANDARD = "gnu++17";
				CLANG_CXX_LIBRARY = "libc++";
				CLANG_ENABLE_MODULES = YES;
				CLANG_ENABLE_OBJC_ARC = YES;
				CLANG_ENABLE_OBJC_WEAK = YES;
				CLANG_WARN_BLOCK_CAPTURE_AUTORELEASING = YES;
				CLANG_WARN_BOOL_CONVERSION = YES;
				CLANG_WARN_COMMA = YES;
				CLANG_WARN_CONSTANT_CONVERSION = YES;
				CLANG_WARN_DEPRECATED_OBJC_IMPLEMENTATIONS = YES;
				CLANG_WARN_DIRECT_OBJC_ISA_USAGE = YES_ERROR;
				CLANG_WARN_DOCUMENTATION_COMMENTS = YES;
				CLANG_WARN_EMPTY_BODY = YES;
				CLANG_WARN_ENUM_CONVERSION = YES;
				CLANG_WARN_INFINITE_RECURSION = YES;
				CLANG_WARN_INT_CONVERSION = YES;
				CLANG_WARN_NON_LITERAL_NULL_CONVERSION = YES;
				CLANG_WARN_OBJC_IMPLICIT_RETAIN_SELF = YES;
				CLANG_WARN_OBJC_LITERAL_CONVERSION = YES;
				CLANG_WARN_OBJC_ROOT_CLASS = YES_ERROR;
				CLANG_WARN_QUOTED_INCLUDE_IN_FRAMEWORK_HEADER = YES;
				CLANG_WARN_RANGE_LOOP_ANALYSIS = YES;
				CLANG_WARN_STRICT_PROTOTYPES = YES;
				CLANG_WARN_SUSPICIOUS_MOVE = YES;
				CLANG_WARN_UNGUARDED_AVAILABILITY = YES_AGGRESSIVE;
				CLANG_WARN_UNREACHABLE_CODE = YES;
				CLANG_WARN__DUPLICATE_METHOD_MATCH = YES;
				COPY_PHASE_STRIP = NO;
				DEBUG_INFORMATION_FORMAT = "dwarf-with-dsym";
				ENABLE_NS_ASSERTIONS = NO;
				ENABLE_STRICT_OBJC_MSGSEND = YES;
				GCC_C_LANGUAGE_STANDARD = gnu11;
				GCC_NO_COMMON_BLOCKS = YES;
				GCC_WARN_64_TO_32_BIT_CONVERSION = YES;
				GCC_WARN_ABOUT_RETURN_TYPE = YES_ERROR;
				GCC_WARN_UNDECLARED_SELECTOR = YES;
				GCC_WARN_UNINITIALIZED_AUTOS = YES_AGGRESSIVE;
				GCC_WARN_UNUSED_FUNCTION = YES;
				GCC_WARN_UNUSED_VARIABLE = YES;
				MTL_ENABLE_DEBUG_INFO = NO;
				MTL_FAST_MATH = YES;
				SWIFT_COMPILATION_MODE = wholemodule;
				SWIFT_OPTIMIZATION_LEVEL = "-O";
			};
			name = Release;
		};
		121F7D9726A6B875005411ED /* Debug */ = {
			isa = XCBuildConfiguration;
			buildSettings = {
				ASSETCATALOG_COMPILER_APPICON_NAME = AppIcon;
				ASSETCATALOG_COMPILER_GLOBAL_ACCENT_COLOR_NAME = AccentColor;
				CODE_SIGN_STYLE = Automatic;
				CURRENT_PROJECT_VERSION = 1;
				ENABLE_PREVIEWS = YES;
				GENERATE_INFOPLIST_FILE = YES;
				INFOPLIST_KEY_UIApplicationSceneManifest_Generation = YES;
				INFOPLIST_KEY_UIApplicationSupportsIndirectInputEvents = YES;
				INFOPLIST_KEY_UILaunchScreen_Generation = YES;
				INFOPLIST_KEY_UISupportedInterfaceOrientations_iPad = "UIInterfaceOrientationPortrait UIInterfaceOrientationPortraitUpsideDown UIInterfaceOrientationLandscapeLeft UIInterfaceOrientationLandscapeRight";
				INFOPLIST_KEY_UISupportedInterfaceOrientations_iPhone = "UIInterfaceOrientationPortrait UIInterfaceOrientationLandscapeLeft UIInterfaceOrientationLandscapeRight";
				IPHONEOS_DEPLOYMENT_TARGET = 14.0;
				LD_RUNPATH_SEARCH_PATHS = (
					"$(inherited)",
					"@executable_path/Frameworks",
				);
				MARKETING_VERSION = 1.0;
				PRODUCT_BUNDLE_IDENTIFIER = com.agile.Freaks;
				PRODUCT_NAME = Freaks;
				SDKROOT = iphoneos;
				SWIFT_EMIT_LOC_STRINGS = YES;
				SWIFT_VERSION = 5.0;
				TARGETED_DEVICE_FAMILY = "1,2";
			};
			name = Debug;
		};
		121F7D9826A6B875005411ED /* Release */ = {
			isa = XCBuildConfiguration;
			buildSettings = {
				ASSETCATALOG_COMPILER_APPICON_NAME = AppIcon;
				ASSETCATALOG_COMPILER_GLOBAL_ACCENT_COLOR_NAME = AccentColor;
				CODE_SIGN_STYLE = Automatic;
				CURRENT_PROJECT_VERSION = 1;
				ENABLE_PREVIEWS = YES;
				GENERATE_INFOPLIST_FILE = YES;
				INFOPLIST_KEY_UIApplicationSceneManifest_Generation = YES;
				INFOPLIST_KEY_UIApplicationSupportsIndirectInputEvents = YES;
				INFOPLIST_KEY_UILaunchScreen_Generation = YES;
				INFOPLIST_KEY_UISupportedInterfaceOrientations_iPad = "UIInterfaceOrientationPortrait UIInterfaceOrientationPortraitUpsideDown UIInterfaceOrientationLandscapeLeft UIInterfaceOrientationLandscapeRight";
				INFOPLIST_KEY_UISupportedInterfaceOrientations_iPhone = "UIInterfaceOrientationPortrait UIInterfaceOrientationLandscapeLeft UIInterfaceOrientationLandscapeRight";
				IPHONEOS_DEPLOYMENT_TARGET = 14.0;
				LD_RUNPATH_SEARCH_PATHS = (
					"$(inherited)",
					"@executable_path/Frameworks",
				);
				MARKETING_VERSION = 1.0;
				PRODUCT_BUNDLE_IDENTIFIER = com.agile.Freaks;
				PRODUCT_NAME = Freaks;
				SDKROOT = iphoneos;
				SWIFT_EMIT_LOC_STRINGS = YES;
				SWIFT_VERSION = 5.0;
				TARGETED_DEVICE_FAMILY = "1,2";
				VALIDATE_PRODUCT = YES;
			};
			name = Release;
		};
		121F7D9A26A6B875005411ED /* Debug */ = {
			isa = XCBuildConfiguration;
			buildSettings = {
				ASSETCATALOG_COMPILER_APPICON_NAME = AppIcon;
				ASSETCATALOG_COMPILER_GLOBAL_ACCENT_COLOR_NAME = AccentColor;
				CODE_SIGN_STYLE = Automatic;
				COMBINE_HIDPI_IMAGES = YES;
				CURRENT_PROJECT_VERSION = 1;
				ENABLE_APP_SANDBOX = YES;
				ENABLE_PREVIEWS = YES;
				ENABLE_USER_SELECTED_FILES = readonly;
				GENERATE_INFOPLIST_FILE = YES;
				INFOPLIST_KEY_NSHumanReadableCopyright = "";
				LD_RUNPATH_SEARCH_PATHS = (
					"$(inherited)",
					"@executable_path/../Frameworks",
				);
				MACOSX_DEPLOYMENT_TARGET = 11.0;
				MARKETING_VERSION = 1.0;
				PRODUCT_BUNDLE_IDENTIFIER = com.agile.Freaks;
				PRODUCT_NAME = Freaks;
				SDKROOT = macosx;
				SWIFT_EMIT_LOC_STRINGS = YES;
				SWIFT_VERSION = 5.0;
			};
			name = Debug;
		};
		121F7D9B26A6B875005411ED /* Release */ = {
			isa = XCBuildConfiguration;
			buildSettings = {
				ASSETCATALOG_COMPILER_APPICON_NAME = AppIcon;
				ASSETCATALOG_COMPILER_GLOBAL_ACCENT_COLOR_NAME = AccentColor;
				CODE_SIGN_STYLE = Automatic;
				COMBINE_HIDPI_IMAGES = YES;
				CURRENT_PROJECT_VERSION = 1;
				ENABLE_APP_SANDBOX = YES;
				ENABLE_PREVIEWS = YES;
				ENABLE_USER_SELECTED_FILES = readonly;
				GENERATE_INFOPLIST_FILE = YES;
				INFOPLIST_KEY_NSHumanReadableCopyright = "";
				LD_RUNPATH_SEARCH_PATHS = (
					"$(inherited)",
					"@executable_path/../Frameworks",
				);
				MACOSX_DEPLOYMENT_TARGET = 11.0;
				MARKETING_VERSION = 1.0;
				PRODUCT_BUNDLE_IDENTIFIER = com.agile.Freaks;
				PRODUCT_NAME = Freaks;
				SDKROOT = macosx;
				SWIFT_EMIT_LOC_STRINGS = YES;
				SWIFT_VERSION = 5.0;
			};
			name = Release;
		};
		121F7D9D26A6B875005411ED /* Debug */ = {
			isa = XCBuildConfiguration;
			buildSettings = {
				ALWAYS_EMBED_SWIFT_STANDARD_LIBRARIES = YES;
				CODE_SIGN_STYLE = Automatic;
				CURRENT_PROJECT_VERSION = 1;
				GENERATE_INFOPLIST_FILE = YES;
				IPHONEOS_DEPLOYMENT_TARGET = 15.0;
				LD_RUNPATH_SEARCH_PATHS = (
					"$(inherited)",
					"@executable_path/Frameworks",
					"@loader_path/Frameworks",
				);
				MARKETING_VERSION = 1.0;
				PRODUCT_BUNDLE_IDENTIFIER = "com.agile.Tests-iOS";
				PRODUCT_NAME = "$(TARGET_NAME)";
				SDKROOT = iphoneos;
				SWIFT_EMIT_LOC_STRINGS = NO;
				SWIFT_VERSION = 5.0;
				TARGETED_DEVICE_FAMILY = "1,2";
				TEST_TARGET_NAME = "Freaks (iOS)";
			};
			name = Debug;
		};
		121F7D9E26A6B875005411ED /* Release */ = {
			isa = XCBuildConfiguration;
			buildSettings = {
				ALWAYS_EMBED_SWIFT_STANDARD_LIBRARIES = YES;
				CODE_SIGN_STYLE = Automatic;
				CURRENT_PROJECT_VERSION = 1;
				GENERATE_INFOPLIST_FILE = YES;
				IPHONEOS_DEPLOYMENT_TARGET = 15.0;
				LD_RUNPATH_SEARCH_PATHS = (
					"$(inherited)",
					"@executable_path/Frameworks",
					"@loader_path/Frameworks",
				);
				MARKETING_VERSION = 1.0;
				PRODUCT_BUNDLE_IDENTIFIER = "com.agile.Tests-iOS";
				PRODUCT_NAME = "$(TARGET_NAME)";
				SDKROOT = iphoneos;
				SWIFT_EMIT_LOC_STRINGS = NO;
				SWIFT_VERSION = 5.0;
				TARGETED_DEVICE_FAMILY = "1,2";
				TEST_TARGET_NAME = "Freaks (iOS)";
				VALIDATE_PRODUCT = YES;
			};
			name = Release;
		};
		121F7DA026A6B875005411ED /* Debug */ = {
			isa = XCBuildConfiguration;
			buildSettings = {
				ALWAYS_EMBED_SWIFT_STANDARD_LIBRARIES = YES;
				CODE_SIGN_STYLE = Automatic;
				COMBINE_HIDPI_IMAGES = YES;
				CURRENT_PROJECT_VERSION = 1;
				GENERATE_INFOPLIST_FILE = YES;
				LD_RUNPATH_SEARCH_PATHS = (
					"$(inherited)",
					"@executable_path/../Frameworks",
					"@loader_path/../Frameworks",
				);
				MACOSX_DEPLOYMENT_TARGET = 11.4;
				MARKETING_VERSION = 1.0;
				PRODUCT_BUNDLE_IDENTIFIER = "com.agile.Tests-macOS";
				PRODUCT_NAME = "$(TARGET_NAME)";
				SDKROOT = macosx;
				SWIFT_EMIT_LOC_STRINGS = NO;
				SWIFT_VERSION = 5.0;
				TEST_TARGET_NAME = "Freaks (macOS)";
			};
			name = Debug;
		};
		121F7DA126A6B875005411ED /* Release */ = {
			isa = XCBuildConfiguration;
			buildSettings = {
				ALWAYS_EMBED_SWIFT_STANDARD_LIBRARIES = YES;
				CODE_SIGN_STYLE = Automatic;
				COMBINE_HIDPI_IMAGES = YES;
				CURRENT_PROJECT_VERSION = 1;
				GENERATE_INFOPLIST_FILE = YES;
				LD_RUNPATH_SEARCH_PATHS = (
					"$(inherited)",
					"@executable_path/../Frameworks",
					"@loader_path/../Frameworks",
				);
				MACOSX_DEPLOYMENT_TARGET = 11.4;
				MARKETING_VERSION = 1.0;
				PRODUCT_BUNDLE_IDENTIFIER = "com.agile.Tests-macOS";
				PRODUCT_NAME = "$(TARGET_NAME)";
				SDKROOT = macosx;
				SWIFT_EMIT_LOC_STRINGS = NO;
				SWIFT_VERSION = 5.0;
				TEST_TARGET_NAME = "Freaks (macOS)";
			};
			name = Release;
		};
/* End XCBuildConfiguration section */

/* Begin XCConfigurationList section */
		121F7D6A26A6B874005411ED /* Build configuration list for PBXProject "Freaks" */ = {
			isa = XCConfigurationList;
			buildConfigurations = (
				121F7D9426A6B875005411ED /* Debug */,
				121F7D9526A6B875005411ED /* Release */,
			);
			defaultConfigurationIsVisible = 0;
			defaultConfigurationName = Release;
		};
		121F7D9626A6B875005411ED /* Build configuration list for PBXNativeTarget "Freaks (iOS)" */ = {
			isa = XCConfigurationList;
			buildConfigurations = (
				121F7D9726A6B875005411ED /* Debug */,
				121F7D9826A6B875005411ED /* Release */,
			);
			defaultConfigurationIsVisible = 0;
			defaultConfigurationName = Release;
		};
		121F7D9926A6B875005411ED /* Build configuration list for PBXNativeTarget "Freaks (macOS)" */ = {
			isa = XCConfigurationList;
			buildConfigurations = (
				121F7D9A26A6B875005411ED /* Debug */,
				121F7D9B26A6B875005411ED /* Release */,
			);
			defaultConfigurationIsVisible = 0;
			defaultConfigurationName = Release;
		};
		121F7D9C26A6B875005411ED /* Build configuration list for PBXNativeTarget "Tests iOS" */ = {
			isa = XCConfigurationList;
			buildConfigurations = (
				121F7D9D26A6B875005411ED /* Debug */,
				121F7D9E26A6B875005411ED /* Release */,
			);
			defaultConfigurationIsVisible = 0;
			defaultConfigurationName = Release;
		};
		121F7D9F26A6B875005411ED /* Build configuration list for PBXNativeTarget "Tests macOS" */ = {
			isa = XCConfigurationList;
			buildConfigurations = (
				121F7DA026A6B875005411ED /* Debug */,
				121F7DA126A6B875005411ED /* Release */,
			);
			defaultConfigurationIsVisible = 0;
			defaultConfigurationName = Release;
		};
/* End XCConfigurationList section */
	};
	rootObject = 121F7D6726A6B874005411ED /* Project object */;
}
