// !$*UTF8*$!
{
	archiveVersion = 1;
	classes = {
	};
	objectVersion = 55;
	objects = {

/* Begin PBXBuildFile section */
		1202513726D43CC300B608CA /* GetAllFreaksQuery.graphql in Resources */ = {isa = PBXBuildFile; fileRef = 1202513626D43CC300B608CA /* GetAllFreaksQuery.graphql */; };
		1202513826D43CC300B608CA /* GetAllFreaksQuery.graphql in Resources */ = {isa = PBXBuildFile; fileRef = 1202513626D43CC300B608CA /* GetAllFreaksQuery.graphql */; };
		1202513A26D43D3E00B608CA /* schema.json in Resources */ = {isa = PBXBuildFile; fileRef = 1202513926D43D3E00B608CA /* schema.json */; };
		1202513B26D43D3E00B608CA /* schema.json in Resources */ = {isa = PBXBuildFile; fileRef = 1202513926D43D3E00B608CA /* schema.json */; };
		1202513D26D43DA200B608CA /* GraphAPIService.swift in Sources */ = {isa = PBXBuildFile; fileRef = 1202513C26D43DA200B608CA /* GraphAPIService.swift */; };
		1202513E26D43DA200B608CA /* GraphAPIService.swift in Sources */ = {isa = PBXBuildFile; fileRef = 1202513C26D43DA200B608CA /* GraphAPIService.swift */; };
		1202514026D43DED00B608CA /* FreaksNode.swift in Sources */ = {isa = PBXBuildFile; fileRef = 1202513F26D43DED00B608CA /* FreaksNode.swift */; };
		1202514126D43DED00B608CA /* FreaksNode.swift in Sources */ = {isa = PBXBuildFile; fileRef = 1202513F26D43DED00B608CA /* FreaksNode.swift */; };
		1202514326D43EB800B608CA /* API.swift in Sources */ = {isa = PBXBuildFile; fileRef = 1202514226D43EB800B608CA /* API.swift */; };
		1202514426D43EB800B608CA /* API.swift in Sources */ = {isa = PBXBuildFile; fileRef = 1202514226D43EB800B608CA /* API.swift */; };
		121F7D8E26A6B875005411ED /* FreaksApp.swift in Sources */ = {isa = PBXBuildFile; fileRef = 121F7D6C26A6B874005411ED /* FreaksApp.swift */; };
		121F7D8F26A6B875005411ED /* FreaksApp.swift in Sources */ = {isa = PBXBuildFile; fileRef = 121F7D6C26A6B874005411ED /* FreaksApp.swift */; };
		121F7D9226A6B875005411ED /* Assets.xcassets in Resources */ = {isa = PBXBuildFile; fileRef = 121F7D6E26A6B875005411ED /* Assets.xcassets */; };
		121F7D9326A6B875005411ED /* Assets.xcassets in Resources */ = {isa = PBXBuildFile; fileRef = 121F7D6E26A6B875005411ED /* Assets.xcassets */; };
		123D76D326DE24D900238B96 /* ProjectsViewModel.swift in Sources */ = {isa = PBXBuildFile; fileRef = 123D76CB26DE24D900238B96 /* ProjectsViewModel.swift */; };
		123D76D426DE24D900238B96 /* ProjectsViewModel.swift in Sources */ = {isa = PBXBuildFile; fileRef = 123D76CB26DE24D900238B96 /* ProjectsViewModel.swift */; };
		123D76D526DE24D900238B96 /* ProjectCardViewModel.swift in Sources */ = {isa = PBXBuildFile; fileRef = 123D76CC26DE24D900238B96 /* ProjectCardViewModel.swift */; };
		123D76D626DE24D900238B96 /* ProjectCardViewModel.swift in Sources */ = {isa = PBXBuildFile; fileRef = 123D76CC26DE24D900238B96 /* ProjectCardViewModel.swift */; };
		123D76D726DE24D900238B96 /* Technology.swift in Sources */ = {isa = PBXBuildFile; fileRef = 123D76CE26DE24D900238B96 /* Technology.swift */; };
		123D76D826DE24D900238B96 /* Technology.swift in Sources */ = {isa = PBXBuildFile; fileRef = 123D76CE26DE24D900238B96 /* Technology.swift */; };
		123D76D926DE24D900238B96 /* Project.swift in Sources */ = {isa = PBXBuildFile; fileRef = 123D76CF26DE24D900238B96 /* Project.swift */; };
		123D76DA26DE24D900238B96 /* Project.swift in Sources */ = {isa = PBXBuildFile; fileRef = 123D76CF26DE24D900238B96 /* Project.swift */; };
		123D76DB26DE24D900238B96 /* ProjectCardView.swift in Sources */ = {isa = PBXBuildFile; fileRef = 123D76D126DE24D900238B96 /* ProjectCardView.swift */; };
		123D76DC26DE24D900238B96 /* ProjectCardView.swift in Sources */ = {isa = PBXBuildFile; fileRef = 123D76D126DE24D900238B96 /* ProjectCardView.swift */; };
		123D76DD26DE24D900238B96 /* ProjectsView.swift in Sources */ = {isa = PBXBuildFile; fileRef = 123D76D226DE24D900238B96 /* ProjectsView.swift */; };
		123D76DE26DE24D900238B96 /* ProjectsView.swift in Sources */ = {isa = PBXBuildFile; fileRef = 123D76D226DE24D900238B96 /* ProjectsView.swift */; };
		123D76E526DE35E500238B96 /* MockProjects.json in Resources */ = {isa = PBXBuildFile; fileRef = 123D76E326DE35E500238B96 /* MockProjects.json */; };
		123D76E626DE35E500238B96 /* MockProjects.json in Resources */ = {isa = PBXBuildFile; fileRef = 123D76E326DE35E500238B96 /* MockProjects.json */; };
		125FF4FC26A83B9500018CE8 /* FreakDetailsView.swift in Sources */ = {isa = PBXBuildFile; fileRef = 125FF4FB26A83B9500018CE8 /* FreakDetailsView.swift */; };
		125FF4FD26A83B9500018CE8 /* FreakDetailsView.swift in Sources */ = {isa = PBXBuildFile; fileRef = 125FF4FB26A83B9500018CE8 /* FreakDetailsView.swift */; };
		125FF4FF26A83CBB00018CE8 /* FreakDetailsViewModel.swift in Sources */ = {isa = PBXBuildFile; fileRef = 125FF4FE26A83CBB00018CE8 /* FreakDetailsViewModel.swift */; };
		125FF50026A83CBB00018CE8 /* FreakDetailsViewModel.swift in Sources */ = {isa = PBXBuildFile; fileRef = 125FF4FE26A83CBB00018CE8 /* FreakDetailsViewModel.swift */; };
		128A614426C15C9F0055AFFF /* MenuView.swift in Sources */ = {isa = PBXBuildFile; fileRef = 128A614326C15C9F0055AFFF /* MenuView.swift */; };
		128A614526C15C9F0055AFFF /* MenuView.swift in Sources */ = {isa = PBXBuildFile; fileRef = 128A614326C15C9F0055AFFF /* MenuView.swift */; };
		128A614726C163480055AFFF /* HomeView.swift in Sources */ = {isa = PBXBuildFile; fileRef = 128A614626C163480055AFFF /* HomeView.swift */; };
		128A614826C163480055AFFF /* HomeView.swift in Sources */ = {isa = PBXBuildFile; fileRef = 128A614626C163480055AFFF /* HomeView.swift */; };
		12ABCEDE26DD04CD006B7F20 /* Kingfisher in Frameworks */ = {isa = PBXBuildFile; productRef = 12ABCEDD26DD04CD006B7F20 /* Kingfisher */; };
		12DFB34B26A6EE0200CB25F7 /* Freak.swift in Sources */ = {isa = PBXBuildFile; fileRef = 12DFB34A26A6EE0200CB25F7 /* Freak.swift */; };
		12DFB34C26A6EE0200CB25F7 /* Freak.swift in Sources */ = {isa = PBXBuildFile; fileRef = 12DFB34A26A6EE0200CB25F7 /* Freak.swift */; };
		12DFB34E26A6F21E00CB25F7 /* ListItemView.swift in Sources */ = {isa = PBXBuildFile; fileRef = 12DFB34D26A6F21E00CB25F7 /* ListItemView.swift */; };
		12DFB34F26A6F21E00CB25F7 /* ListItemView.swift in Sources */ = {isa = PBXBuildFile; fileRef = 12DFB34D26A6F21E00CB25F7 /* ListItemView.swift */; };
		12ECD1DF26A818E10069BD64 /* ListItemViewModel.swift in Sources */ = {isa = PBXBuildFile; fileRef = 12ECD1DE26A818E10069BD64 /* ListItemViewModel.swift */; };
		12ECD1E026A818E10069BD64 /* ListItemViewModel.swift in Sources */ = {isa = PBXBuildFile; fileRef = 12ECD1DE26A818E10069BD64 /* ListItemViewModel.swift */; };
		12ECD1EE26A82CDA0069BD64 /* FreakTest.swift in Sources */ = {isa = PBXBuildFile; fileRef = 12ECD1DC26A815920069BD64 /* FreakTest.swift */; };
		12F27E2326E5F4280054DFFA /* CustomTabBar.swift in Sources */ = {isa = PBXBuildFile; fileRef = 12F27E2226E5F4280054DFFA /* CustomTabBar.swift */; };
		12F27E2426E5F4280054DFFA /* CustomTabBar.swift in Sources */ = {isa = PBXBuildFile; fileRef = 12F27E2226E5F4280054DFFA /* CustomTabBar.swift */; };
		12FD8E3C26A9BB8D00EF05E8 /* FilterButtonsView.swift in Sources */ = {isa = PBXBuildFile; fileRef = 12FD8E3B26A9BB8D00EF05E8 /* FilterButtonsView.swift */; };
		12FD8E3D26A9BB8D00EF05E8 /* FilterButtonsView.swift in Sources */ = {isa = PBXBuildFile; fileRef = 12FD8E3B26A9BB8D00EF05E8 /* FilterButtonsView.swift */; };
		3B283D8A26CA95240006B78F /* NavbarTitleModifier.swift in Sources */ = {isa = PBXBuildFile; fileRef = 3B283D8926CA95240006B78F /* NavbarTitleModifier.swift */; };
		3B416B8D26A80F5B00250A0D /* FreaksViewModel.swift in Sources */ = {isa = PBXBuildFile; fileRef = 3B416B8C26A80F5B00250A0D /* FreaksViewModel.swift */; };
		3B416B8E26A80F5B00250A0D /* FreaksViewModel.swift in Sources */ = {isa = PBXBuildFile; fileRef = 3B416B8C26A80F5B00250A0D /* FreaksViewModel.swift */; };
		3B661F6E26B16F7D00C45974 /* MultipleSelectionRow.swift in Sources */ = {isa = PBXBuildFile; fileRef = 3B661F6D26B16F7D00C45974 /* MultipleSelectionRow.swift */; };
		3B661F6F26B16F7D00C45974 /* MultipleSelectionRow.swift in Sources */ = {isa = PBXBuildFile; fileRef = 3B661F6D26B16F7D00C45974 /* MultipleSelectionRow.swift */; };
		3B661F7D26B41EFC00C45974 /* Skill.swift in Sources */ = {isa = PBXBuildFile; fileRef = 3B661F7C26B41EFC00C45974 /* Skill.swift */; };
		3B661F7E26B41EFC00C45974 /* Skill.swift in Sources */ = {isa = PBXBuildFile; fileRef = 3B661F7C26B41EFC00C45974 /* Skill.swift */; };
		3B66773926C1632700196894 /* FilterButtonsViewModel.swift in Sources */ = {isa = PBXBuildFile; fileRef = 3B66773826C1632700196894 /* FilterButtonsViewModel.swift */; };
		3B66773A26C1632700196894 /* FilterButtonsViewModel.swift in Sources */ = {isa = PBXBuildFile; fileRef = 3B66773826C1632700196894 /* FilterButtonsViewModel.swift */; };
		3B76E4DC26B01A2500D92898 /* FilterView.swift in Sources */ = {isa = PBXBuildFile; fileRef = 3B76E4DB26B01A2500D92898 /* FilterView.swift */; };
		3B76E4DD26B01A2500D92898 /* FilterView.swift in Sources */ = {isa = PBXBuildFile; fileRef = 3B76E4DB26B01A2500D92898 /* FilterView.swift */; };
		3B8CCBE226AECE81005765AA /* UINavigationController+Extensions.swift in Sources */ = {isa = PBXBuildFile; fileRef = 3B8CCBE126AECE81005765AA /* UINavigationController+Extensions.swift */; };
		3B8E6FE626A993830019E00E /* FreaksUITests.swift in Sources */ = {isa = PBXBuildFile; fileRef = 3B8E6FE526A993830019E00E /* FreaksUITests.swift */; };
		3BA783DC26C1407E00E660E8 /* Filterable.swift in Sources */ = {isa = PBXBuildFile; fileRef = 3BA783DB26C1407E00E660E8 /* Filterable.swift */; };
		3BA783DD26C1407E00E660E8 /* Filterable.swift in Sources */ = {isa = PBXBuildFile; fileRef = 3BA783DB26C1407E00E660E8 /* Filterable.swift */; };
		3BC6F9EB26B97C2B001EB581 /* FilterViewModel.swift in Sources */ = {isa = PBXBuildFile; fileRef = 3BC6F9EA26B97C2B001EB581 /* FilterViewModel.swift */; };
		3BC6F9EC26B97C2B001EB581 /* FilterViewModel.swift in Sources */ = {isa = PBXBuildFile; fileRef = 3BC6F9EA26B97C2B001EB581 /* FilterViewModel.swift */; };
		3BD3DA5826AFFA3E00281ADC /* Apollo in Frameworks */ = {isa = PBXBuildFile; productRef = 3BD3DA5726AFFA3E00281ADC /* Apollo */; };
		3BDA054126A6EA840070BADB /* FreaksView.swift in Sources */ = {isa = PBXBuildFile; fileRef = 3BDA054026A6EA840070BADB /* FreaksView.swift */; };
		3BDA054226A6EA840070BADB /* FreaksView.swift in Sources */ = {isa = PBXBuildFile; fileRef = 3BDA054026A6EA840070BADB /* FreaksView.swift */; };
/* End PBXBuildFile section */

/* Begin PBXContainerItemProxy section */
		12ECD1E926A82CB80069BD64 /* PBXContainerItemProxy */ = {
			isa = PBXContainerItemProxy;
			containerPortal = 121F7D6726A6B874005411ED /* Project object */;
			proxyType = 1;
			remoteGlobalIDString = 121F7D7226A6B875005411ED;
			remoteInfo = "Freaks (iOS)";
		};
		3B8E6FE726A993830019E00E /* PBXContainerItemProxy */ = {
			isa = PBXContainerItemProxy;
			containerPortal = 121F7D6726A6B874005411ED /* Project object */;
			proxyType = 1;
			remoteGlobalIDString = 121F7D7226A6B875005411ED;
			remoteInfo = "Freaks (iOS)";
		};
/* End PBXContainerItemProxy section */

/* Begin PBXFileReference section */
		1202513626D43CC300B608CA /* GetAllFreaksQuery.graphql */ = {isa = PBXFileReference; fileEncoding = 4; lastKnownFileType = text; name = GetAllFreaksQuery.graphql; path = Model/GetAllFreaksQuery.graphql; sourceTree = "<group>"; };
		1202513926D43D3E00B608CA /* schema.json */ = {isa = PBXFileReference; fileEncoding = 4; lastKnownFileType = text.json; path = schema.json; sourceTree = "<group>"; };
		1202513C26D43DA200B608CA /* GraphAPIService.swift */ = {isa = PBXFileReference; lastKnownFileType = sourcecode.swift; path = GraphAPIService.swift; sourceTree = "<group>"; };
		1202513F26D43DED00B608CA /* FreaksNode.swift */ = {isa = PBXFileReference; lastKnownFileType = sourcecode.swift; path = FreaksNode.swift; sourceTree = "<group>"; };
		1202514226D43EB800B608CA /* API.swift */ = {isa = PBXFileReference; fileEncoding = 4; lastKnownFileType = sourcecode.swift; path = API.swift; sourceTree = "<group>"; };
		121F7D6C26A6B874005411ED /* FreaksApp.swift */ = {isa = PBXFileReference; lastKnownFileType = sourcecode.swift; path = FreaksApp.swift; sourceTree = "<group>"; };
		121F7D6E26A6B875005411ED /* Assets.xcassets */ = {isa = PBXFileReference; lastKnownFileType = folder.assetcatalog; path = Assets.xcassets; sourceTree = "<group>"; };
		121F7D7326A6B875005411ED /* Freaks.app */ = {isa = PBXFileReference; explicitFileType = wrapper.application; includeInIndex = 0; path = Freaks.app; sourceTree = BUILT_PRODUCTS_DIR; };
		121F7D7926A6B875005411ED /* Freaks.app */ = {isa = PBXFileReference; explicitFileType = wrapper.application; includeInIndex = 0; path = Freaks.app; sourceTree = BUILT_PRODUCTS_DIR; };
		123D76CB26DE24D900238B96 /* ProjectsViewModel.swift */ = {isa = PBXFileReference; fileEncoding = 4; lastKnownFileType = sourcecode.swift; path = ProjectsViewModel.swift; sourceTree = "<group>"; };
		123D76CC26DE24D900238B96 /* ProjectCardViewModel.swift */ = {isa = PBXFileReference; fileEncoding = 4; lastKnownFileType = sourcecode.swift; path = ProjectCardViewModel.swift; sourceTree = "<group>"; };
		123D76CE26DE24D900238B96 /* Technology.swift */ = {isa = PBXFileReference; fileEncoding = 4; lastKnownFileType = sourcecode.swift; path = Technology.swift; sourceTree = "<group>"; };
		123D76CF26DE24D900238B96 /* Project.swift */ = {isa = PBXFileReference; fileEncoding = 4; lastKnownFileType = sourcecode.swift; path = Project.swift; sourceTree = "<group>"; };
		123D76D126DE24D900238B96 /* ProjectCardView.swift */ = {isa = PBXFileReference; fileEncoding = 4; lastKnownFileType = sourcecode.swift; path = ProjectCardView.swift; sourceTree = "<group>"; };
		123D76D226DE24D900238B96 /* ProjectsView.swift */ = {isa = PBXFileReference; fileEncoding = 4; lastKnownFileType = sourcecode.swift; path = ProjectsView.swift; sourceTree = "<group>"; };
		123D76E326DE35E500238B96 /* MockProjects.json */ = {isa = PBXFileReference; fileEncoding = 4; lastKnownFileType = text.json; path = MockProjects.json; sourceTree = "<group>"; };
		125FF4FB26A83B9500018CE8 /* FreakDetailsView.swift */ = {isa = PBXFileReference; lastKnownFileType = sourcecode.swift; path = FreakDetailsView.swift; sourceTree = "<group>"; };
		125FF4FE26A83CBB00018CE8 /* FreakDetailsViewModel.swift */ = {isa = PBXFileReference; lastKnownFileType = sourcecode.swift; path = FreakDetailsViewModel.swift; sourceTree = "<group>"; };
		128A614326C15C9F0055AFFF /* MenuView.swift */ = {isa = PBXFileReference; lastKnownFileType = sourcecode.swift; path = MenuView.swift; sourceTree = "<group>"; };
		128A614626C163480055AFFF /* HomeView.swift */ = {isa = PBXFileReference; lastKnownFileType = sourcecode.swift; path = HomeView.swift; sourceTree = "<group>"; };
		12DFB34A26A6EE0200CB25F7 /* Freak.swift */ = {isa = PBXFileReference; lastKnownFileType = sourcecode.swift; path = Freak.swift; sourceTree = "<group>"; };
		12DFB34D26A6F21E00CB25F7 /* ListItemView.swift */ = {isa = PBXFileReference; lastKnownFileType = sourcecode.swift; path = ListItemView.swift; sourceTree = "<group>"; };
		12ECD1DC26A815920069BD64 /* FreakTest.swift */ = {isa = PBXFileReference; lastKnownFileType = sourcecode.swift; path = FreakTest.swift; sourceTree = "<group>"; };
		12ECD1DE26A818E10069BD64 /* ListItemViewModel.swift */ = {isa = PBXFileReference; lastKnownFileType = sourcecode.swift; path = ListItemViewModel.swift; sourceTree = "<group>"; };
		12ECD1E526A82CB80069BD64 /* FreaksTests.xctest */ = {isa = PBXFileReference; explicitFileType = wrapper.cfbundle; includeInIndex = 0; path = FreaksTests.xctest; sourceTree = BUILT_PRODUCTS_DIR; };
		12F27E2226E5F4280054DFFA /* CustomTabBar.swift */ = {isa = PBXFileReference; lastKnownFileType = sourcecode.swift; path = CustomTabBar.swift; sourceTree = "<group>"; };
		12FD8E3B26A9BB8D00EF05E8 /* FilterButtonsView.swift */ = {isa = PBXFileReference; lastKnownFileType = sourcecode.swift; path = FilterButtonsView.swift; sourceTree = "<group>"; };
		3B283D8926CA95240006B78F /* NavbarTitleModifier.swift */ = {isa = PBXFileReference; lastKnownFileType = sourcecode.swift; path = NavbarTitleModifier.swift; sourceTree = "<group>"; };
		3B416B8C26A80F5B00250A0D /* FreaksViewModel.swift */ = {isa = PBXFileReference; lastKnownFileType = sourcecode.swift; path = FreaksViewModel.swift; sourceTree = "<group>"; };
		3B416B9526A8463800250A0D /* Freaks--iOS--Info.plist */ = {isa = PBXFileReference; lastKnownFileType = text.plist.xml; path = "Freaks--iOS--Info.plist"; sourceTree = "<group>"; };
		3B661F6D26B16F7D00C45974 /* MultipleSelectionRow.swift */ = {isa = PBXFileReference; lastKnownFileType = sourcecode.swift; path = MultipleSelectionRow.swift; sourceTree = "<group>"; };
		3B661F7C26B41EFC00C45974 /* Skill.swift */ = {isa = PBXFileReference; lastKnownFileType = sourcecode.swift; path = Skill.swift; sourceTree = "<group>"; };
		3B66773826C1632700196894 /* FilterButtonsViewModel.swift */ = {isa = PBXFileReference; lastKnownFileType = sourcecode.swift; path = FilterButtonsViewModel.swift; sourceTree = "<group>"; };
		3B76E4DB26B01A2500D92898 /* FilterView.swift */ = {isa = PBXFileReference; lastKnownFileType = sourcecode.swift; path = FilterView.swift; sourceTree = "<group>"; };
		3B8CCBE126AECE81005765AA /* UINavigationController+Extensions.swift */ = {isa = PBXFileReference; lastKnownFileType = sourcecode.swift; path = "UINavigationController+Extensions.swift"; sourceTree = "<group>"; };
		3B8E6FE326A993830019E00E /* FreaksUITests.xctest */ = {isa = PBXFileReference; explicitFileType = wrapper.cfbundle; includeInIndex = 0; path = FreaksUITests.xctest; sourceTree = BUILT_PRODUCTS_DIR; };
		3B8E6FE526A993830019E00E /* FreaksUITests.swift */ = {isa = PBXFileReference; lastKnownFileType = sourcecode.swift; path = FreaksUITests.swift; sourceTree = "<group>"; };
		3BA783DB26C1407E00E660E8 /* Filterable.swift */ = {isa = PBXFileReference; lastKnownFileType = sourcecode.swift; path = Filterable.swift; sourceTree = "<group>"; };
		3BC6F9EA26B97C2B001EB581 /* FilterViewModel.swift */ = {isa = PBXFileReference; lastKnownFileType = sourcecode.swift; path = FilterViewModel.swift; sourceTree = "<group>"; };
		3BDA054026A6EA840070BADB /* FreaksView.swift */ = {isa = PBXFileReference; fileEncoding = 4; lastKnownFileType = sourcecode.swift; path = FreaksView.swift; sourceTree = "<group>"; };
/* End PBXFileReference section */

/* Begin PBXFrameworksBuildPhase section */
		121F7D7026A6B875005411ED /* Frameworks */ = {
			isa = PBXFrameworksBuildPhase;
			buildActionMask = 2147483647;
			files = (
				12ABCEDE26DD04CD006B7F20 /* Kingfisher in Frameworks */,
				3BD3DA5826AFFA3E00281ADC /* Apollo in Frameworks */,
			);
			runOnlyForDeploymentPostprocessing = 0;
		};
		121F7D7626A6B875005411ED /* Frameworks */ = {
			isa = PBXFrameworksBuildPhase;
			buildActionMask = 2147483647;
			files = (
			);
			runOnlyForDeploymentPostprocessing = 0;
		};
		12ECD1E226A82CB80069BD64 /* Frameworks */ = {
			isa = PBXFrameworksBuildPhase;
			buildActionMask = 2147483647;
			files = (
			);
			runOnlyForDeploymentPostprocessing = 0;
		};
		3B8E6FE026A993830019E00E /* Frameworks */ = {
			isa = PBXFrameworksBuildPhase;
			buildActionMask = 2147483647;
			files = (
			);
			runOnlyForDeploymentPostprocessing = 0;
		};
/* End PBXFrameworksBuildPhase section */

/* Begin PBXGroup section */
		1202512D26D438BB00B608CA /* NetworkingLayer */ = {
			isa = PBXGroup;
			children = (
				1202512E26D438FB00B608CA /* GraphQL */,
			);
			path = NetworkingLayer;
			sourceTree = "<group>";
		};
		1202512E26D438FB00B608CA /* GraphQL */ = {
			isa = PBXGroup;
			children = (
				1202513126D439C300B608CA /* Model */,
				1202513626D43CC300B608CA /* GetAllFreaksQuery.graphql */,
				1202514226D43EB800B608CA /* API.swift */,
				1202513926D43D3E00B608CA /* schema.json */,
				1202513C26D43DA200B608CA /* GraphAPIService.swift */,
			);
			path = GraphQL;
			sourceTree = "<group>";
		};
		1202513126D439C300B608CA /* Model */ = {
			isa = PBXGroup;
			children = (
				1202513F26D43DED00B608CA /* FreaksNode.swift */,
			);
			path = Model;
			sourceTree = "<group>";
		};
		121F7D6626A6B874005411ED = {
			isa = PBXGroup;
			children = (
				3B416B9526A8463800250A0D /* Freaks--iOS--Info.plist */,
				121F7D6B26A6B874005411ED /* Shared */,
				12ECD1E626A82CB80069BD64 /* FreaksTests */,
				3B8E6FE426A993830019E00E /* FreaksUITests */,
				121F7D7426A6B875005411ED /* Products */,
			);
			sourceTree = "<group>";
		};
		121F7D6B26A6B874005411ED /* Shared */ = {
			isa = PBXGroup;
			children = (
				3B416B8F26A811A600250A0D /* App */,
				121F7D6E26A6B875005411ED /* Assets.xcassets */,
				3B283D8726CA94EE0006B78F /* Common */,
				3B416B9026A811BD00250A0D /* Features */,
				1202512D26D438BB00B608CA /* NetworkingLayer */,
				123D76E226DE35E500238B96 /* Resources */,
				3B8CCBE026AECE46005765AA /* Utils */,
			);
			path = Shared;
			sourceTree = "<group>";
		};
		121F7D7426A6B875005411ED /* Products */ = {
			isa = PBXGroup;
			children = (
				121F7D7326A6B875005411ED /* Freaks.app */,
				121F7D7926A6B875005411ED /* Freaks.app */,
				12ECD1E526A82CB80069BD64 /* FreaksTests.xctest */,
				3B8E6FE326A993830019E00E /* FreaksUITests.xctest */,
			);
			name = Products;
			sourceTree = "<group>";
		};
		123D76C926DE24D900238B96 /* Projects */ = {
			isa = PBXGroup;
			children = (
				123D76CA26DE24D900238B96 /* ViewModel */,
				123D76CD26DE24D900238B96 /* Model */,
				123D76D026DE24D900238B96 /* View */,
			);
			path = Projects;
			sourceTree = "<group>";
		};
		123D76CA26DE24D900238B96 /* ViewModel */ = {
			isa = PBXGroup;
			children = (
				123D76CB26DE24D900238B96 /* ProjectsViewModel.swift */,
				123D76CC26DE24D900238B96 /* ProjectCardViewModel.swift */,
			);
			path = ViewModel;
			sourceTree = "<group>";
		};
		123D76CD26DE24D900238B96 /* Model */ = {
			isa = PBXGroup;
			children = (
				123D76CE26DE24D900238B96 /* Technology.swift */,
				123D76CF26DE24D900238B96 /* Project.swift */,
			);
			path = Model;
			sourceTree = "<group>";
		};
		123D76D026DE24D900238B96 /* View */ = {
			isa = PBXGroup;
			children = (
				123D76D126DE24D900238B96 /* ProjectCardView.swift */,
				123D76D226DE24D900238B96 /* ProjectsView.swift */,
			);
			path = View;
			sourceTree = "<group>";
		};
		123D76E226DE35E500238B96 /* Resources */ = {
			isa = PBXGroup;
			children = (
				123D76E326DE35E500238B96 /* MockProjects.json */,
			);
			path = Resources;
			sourceTree = "<group>";
		};
		125FF50126A847A600018CE8 /* FreakDetails */ = {
			isa = PBXGroup;
			children = (
				125FF50226A847BE00018CE8 /* View */,
				125FF50326A847C500018CE8 /* ViewModel */,
			);
			path = FreakDetails;
			sourceTree = "<group>";
		};
		125FF50226A847BE00018CE8 /* View */ = {
			isa = PBXGroup;
			children = (
				125FF4FB26A83B9500018CE8 /* FreakDetailsView.swift */,
			);
			path = View;
			sourceTree = "<group>";
		};
		125FF50326A847C500018CE8 /* ViewModel */ = {
			isa = PBXGroup;
			children = (
				125FF4FE26A83CBB00018CE8 /* FreakDetailsViewModel.swift */,
			);
			path = ViewModel;
			sourceTree = "<group>";
		};
		128A614C26C25EB80055AFFF /* Menu */ = {
			isa = PBXGroup;
			children = (
				128A614D26C260070055AFFF /* View */,
			);
			path = Menu;
			sourceTree = "<group>";
		};
		128A614D26C260070055AFFF /* View */ = {
			isa = PBXGroup;
			children = (
				128A614326C15C9F0055AFFF /* MenuView.swift */,
			);
			path = View;
			sourceTree = "<group>";
		};
		128A614E26C266170055AFFF /* Home */ = {
			isa = PBXGroup;
			children = (
				128A614F26C266320055AFFF /* View */,
			);
			path = Home;
			sourceTree = "<group>";
		};
		128A614F26C266320055AFFF /* View */ = {
			isa = PBXGroup;
			children = (
				128A614626C163480055AFFF /* HomeView.swift */,
			);
			path = View;
			sourceTree = "<group>";
		};
		12ECD1E626A82CB80069BD64 /* FreaksTests */ = {
			isa = PBXGroup;
			children = (
				12ECD1DC26A815920069BD64 /* FreakTest.swift */,
			);
			path = FreaksTests;
			sourceTree = "<group>";
		};
		3B283D8726CA94EE0006B78F /* Common */ = {
			isa = PBXGroup;
			children = (
				3B283D8826CA94F90006B78F /* Styles */,
			);
			path = Common;
			sourceTree = "<group>";
		};
		3B283D8826CA94F90006B78F /* Styles */ = {
			isa = PBXGroup;
			children = (
				3B283D8926CA95240006B78F /* NavbarTitleModifier.swift */,
				12F27E2226E5F4280054DFFA /* CustomTabBar.swift */,
			);
			path = Styles;
			sourceTree = "<group>";
		};
		3B416B8F26A811A600250A0D /* App */ = {
			isa = PBXGroup;
			children = (
				121F7D6C26A6B874005411ED /* FreaksApp.swift */,
			);
			path = App;
			sourceTree = "<group>";
		};
		3B416B9026A811BD00250A0D /* Features */ = {
			isa = PBXGroup;
			children = (
				123D76C926DE24D900238B96 /* Projects */,
				128A614E26C266170055AFFF /* Home */,
				128A614C26C25EB80055AFFF /* Menu */,
				125FF50126A847A600018CE8 /* FreakDetails */,
				3B416B9126A811E000250A0D /* Freaks */,
			);
			path = Features;
			sourceTree = "<group>";
		};
		3B416B9126A811E000250A0D /* Freaks */ = {
			isa = PBXGroup;
			children = (
				3B416B9226A8120000250A0D /* Model */,
				3B416B9426A8121600250A0D /* View */,
				3B416B9326A8120B00250A0D /* ViewModel */,
			);
			path = Freaks;
			sourceTree = "<group>";
		};
		3B416B9226A8120000250A0D /* Model */ = {
			isa = PBXGroup;
			children = (
				12DFB34A26A6EE0200CB25F7 /* Freak.swift */,
				3B661F7C26B41EFC00C45974 /* Skill.swift */,
				3BA783DB26C1407E00E660E8 /* Filterable.swift */,
			);
			path = Model;
			sourceTree = "<group>";
		};
		3B416B9326A8120B00250A0D /* ViewModel */ = {
			isa = PBXGroup;
			children = (
				3B416B8C26A80F5B00250A0D /* FreaksViewModel.swift */,
				12ECD1DE26A818E10069BD64 /* ListItemViewModel.swift */,
				3BC6F9EA26B97C2B001EB581 /* FilterViewModel.swift */,
				3B66773826C1632700196894 /* FilterButtonsViewModel.swift */,
			);
			path = ViewModel;
			sourceTree = "<group>";
		};
		3B416B9426A8121600250A0D /* View */ = {
			isa = PBXGroup;
			children = (
				12DFB34D26A6F21E00CB25F7 /* ListItemView.swift */,
				3BDA054026A6EA840070BADB /* FreaksView.swift */,
				12FD8E3B26A9BB8D00EF05E8 /* FilterButtonsView.swift */,
				3B76E4DB26B01A2500D92898 /* FilterView.swift */,
				3B661F6D26B16F7D00C45974 /* MultipleSelectionRow.swift */,
			);
			path = View;
			sourceTree = "<group>";
		};
		3B8CCBDF26AECC6D005765AA /* Extensions */ = {
			isa = PBXGroup;
			children = (
				3B8CCBE126AECE81005765AA /* UINavigationController+Extensions.swift */,
			);
			path = Extensions;
			sourceTree = "<group>";
		};
		3B8CCBE026AECE46005765AA /* Utils */ = {
			isa = PBXGroup;
			children = (
				3B8CCBDF26AECC6D005765AA /* Extensions */,
			);
			path = Utils;
			sourceTree = "<group>";
		};
		3B8E6FE426A993830019E00E /* FreaksUITests */ = {
			isa = PBXGroup;
			children = (
				3B8E6FE526A993830019E00E /* FreaksUITests.swift */,
			);
			path = FreaksUITests;
			sourceTree = "<group>";
		};
/* End PBXGroup section */

/* Begin PBXNativeTarget section */
		121F7D7226A6B875005411ED /* Freaks (iOS) */ = {
			isa = PBXNativeTarget;
			buildConfigurationList = 121F7D9626A6B875005411ED /* Build configuration list for PBXNativeTarget "Freaks (iOS)" */;
			buildPhases = (
				1202513226D43A4600B608CA /* Generate Apollo GraphQL API */,
				1288EA1126A6DD7C0069512B /* ShellScript */,
				121F7D6F26A6B875005411ED /* Sources */,
				121F7D7026A6B875005411ED /* Frameworks */,
				121F7D7126A6B875005411ED /* Resources */,
			);
			buildRules = (
			);
			dependencies = (
			);
			name = "Freaks (iOS)";
			packageProductDependencies = (
				3BD3DA5726AFFA3E00281ADC /* Apollo */,
				12ABCEDD26DD04CD006B7F20 /* Kingfisher */,
			);
			productName = "Freaks (iOS)";
			productReference = 121F7D7326A6B875005411ED /* Freaks.app */;
			productType = "com.apple.product-type.application";
		};
		121F7D7826A6B875005411ED /* Freaks (macOS) */ = {
			isa = PBXNativeTarget;
			buildConfigurationList = 121F7D9926A6B875005411ED /* Build configuration list for PBXNativeTarget "Freaks (macOS)" */;
			buildPhases = (
				121F7D7526A6B875005411ED /* Sources */,
				121F7D7626A6B875005411ED /* Frameworks */,
				121F7D7726A6B875005411ED /* Resources */,
			);
			buildRules = (
			);
			dependencies = (
			);
			name = "Freaks (macOS)";
			productName = "Freaks (macOS)";
			productReference = 121F7D7926A6B875005411ED /* Freaks.app */;
			productType = "com.apple.product-type.application";
		};
		12ECD1E426A82CB80069BD64 /* FreaksTests */ = {
			isa = PBXNativeTarget;
			buildConfigurationList = 12ECD1EB26A82CB80069BD64 /* Build configuration list for PBXNativeTarget "FreaksTests" */;
			buildPhases = (
				12ECD1E126A82CB80069BD64 /* Sources */,
				12ECD1E226A82CB80069BD64 /* Frameworks */,
				12ECD1E326A82CB80069BD64 /* Resources */,
			);
			buildRules = (
			);
			dependencies = (
				12ECD1EA26A82CB80069BD64 /* PBXTargetDependency */,
			);
			name = FreaksTests;
			productName = FreaksTests;
			productReference = 12ECD1E526A82CB80069BD64 /* FreaksTests.xctest */;
			productType = "com.apple.product-type.bundle.unit-test";
		};
		3B8E6FE226A993830019E00E /* FreaksUITests */ = {
			isa = PBXNativeTarget;
			buildConfigurationList = 3B8E6FEB26A993830019E00E /* Build configuration list for PBXNativeTarget "FreaksUITests" */;
			buildPhases = (
				3B8E6FDF26A993830019E00E /* Sources */,
				3B8E6FE026A993830019E00E /* Frameworks */,
				3B8E6FE126A993830019E00E /* Resources */,
			);
			buildRules = (
			);
			dependencies = (
				3B8E6FE826A993830019E00E /* PBXTargetDependency */,
			);
			name = FreaksUITests;
			productName = FreaksUITests;
			productReference = 3B8E6FE326A993830019E00E /* FreaksUITests.xctest */;
			productType = "com.apple.product-type.bundle.ui-testing";
		};
/* End PBXNativeTarget section */

/* Begin PBXProject section */
		121F7D6726A6B874005411ED /* Project object */ = {
			isa = PBXProject;
			attributes = {
				BuildIndependentTargetsInParallel = 1;
				LastSwiftUpdateCheck = 1300;
				LastUpgradeCheck = 1300;
				TargetAttributes = {
					121F7D7226A6B875005411ED = {
						CreatedOnToolsVersion = 13.0;
					};
					121F7D7826A6B875005411ED = {
						CreatedOnToolsVersion = 13.0;
					};
					12ECD1E426A82CB80069BD64 = {
						CreatedOnToolsVersion = 13.0;
						TestTargetID = 121F7D7226A6B875005411ED;
					};
					3B8E6FE226A993830019E00E = {
						CreatedOnToolsVersion = 13.0;
						TestTargetID = 121F7D7226A6B875005411ED;
					};
				};
			};
			buildConfigurationList = 121F7D6A26A6B874005411ED /* Build configuration list for PBXProject "Freaks" */;
			compatibilityVersion = "Xcode 13.0";
			developmentRegion = en;
			hasScannedForEncodings = 0;
			knownRegions = (
				en,
				Base,
			);
			mainGroup = 121F7D6626A6B874005411ED;
			packageReferences = (
				3BD3DA5626AFFA3E00281ADC /* XCRemoteSwiftPackageReference "apollo-ios" */,
				12ABCEDC26DD04CD006B7F20 /* XCRemoteSwiftPackageReference "Kingfisher" */,
			);
			productRefGroup = 121F7D7426A6B875005411ED /* Products */;
			projectDirPath = "";
			projectRoot = "";
			targets = (
				121F7D7226A6B875005411ED /* Freaks (iOS) */,
				121F7D7826A6B875005411ED /* Freaks (macOS) */,
				12ECD1E426A82CB80069BD64 /* FreaksTests */,
				3B8E6FE226A993830019E00E /* FreaksUITests */,
			);
		};
/* End PBXProject section */

/* Begin PBXResourcesBuildPhase section */
		121F7D7126A6B875005411ED /* Resources */ = {
			isa = PBXResourcesBuildPhase;
			buildActionMask = 2147483647;
			files = (
				1202513A26D43D3E00B608CA /* schema.json in Resources */,
				123D76E526DE35E500238B96 /* MockProjects.json in Resources */,
				1202513726D43CC300B608CA /* GetAllFreaksQuery.graphql in Resources */,
				121F7D9226A6B875005411ED /* Assets.xcassets in Resources */,
			);
			runOnlyForDeploymentPostprocessing = 0;
		};
		121F7D7726A6B875005411ED /* Resources */ = {
			isa = PBXResourcesBuildPhase;
			buildActionMask = 2147483647;
			files = (
				1202513826D43CC300B608CA /* GetAllFreaksQuery.graphql in Resources */,
				123D76E626DE35E500238B96 /* MockProjects.json in Resources */,
				1202513B26D43D3E00B608CA /* schema.json in Resources */,
				121F7D9326A6B875005411ED /* Assets.xcassets in Resources */,
			);
			runOnlyForDeploymentPostprocessing = 0;
		};
		12ECD1E326A82CB80069BD64 /* Resources */ = {
			isa = PBXResourcesBuildPhase;
			buildActionMask = 2147483647;
			files = (
			);
			runOnlyForDeploymentPostprocessing = 0;
		};
		3B8E6FE126A993830019E00E /* Resources */ = {
			isa = PBXResourcesBuildPhase;
			buildActionMask = 2147483647;
			files = (
			);
			runOnlyForDeploymentPostprocessing = 0;
		};
/* End PBXResourcesBuildPhase section */

/* Begin PBXShellScriptBuildPhase section */
		1202513226D43A4600B608CA /* Generate Apollo GraphQL API */ = {
			isa = PBXShellScriptBuildPhase;
			buildActionMask = 2147483647;
			files = (
			);
			inputFileListPaths = (
			);
			inputPaths = (
			);
			name = "Generate Apollo GraphQL API";
			outputFileListPaths = (
			);
			outputPaths = (
			);
			runOnlyForDeploymentPostprocessing = 0;
			shellPath = /bin/sh;
			shellScript = "# Go to the build root and search up the chain to find the Derived Data Path where the source packages are checked out.\nDERIVED_DATA_CANDIDATE=\"${BUILD_ROOT}\"\n\nwhile ! [ -d \"${DERIVED_DATA_CANDIDATE}/SourcePackages\" ]; do\n  if [ \"${DERIVED_DATA_CANDIDATE}\" = / ]; then\n    echo >&2 \"error: Unable to locate SourcePackages directory from BUILD_ROOT: '${BUILD_ROOT}'\"\n    exit 1\n  fi\n\n  DERIVED_DATA_CANDIDATE=\"$(dirname \"${DERIVED_DATA_CANDIDATE}\")\"\ndone\n\n# Grab a reference to the directory where scripts are checked out\nSCRIPT_PATH=\"${DERIVED_DATA_CANDIDATE}/SourcePackages/checkouts/apollo-ios/scripts\"\n\nif [ -z \"${SCRIPT_PATH}\" ]; then\n    echo >&2 \"error: Couldn't find the CLI script in your checked out SPM packages; make sure to add the framework to your project.\"\n    exit 1\nfi\n\ncd \"${SRCROOT}/Shared/NetworkingLayer/GraphQL\"\n\"${SCRIPT_PATH}\"/run-bundled-codegen.sh codegen:generate --target=swift --includes=./**/*.graphql --localSchemaFile=\"schema.json\" API.swift\n\n\n\n";
		};
		1288EA1126A6DD7C0069512B /* ShellScript */ = {
			isa = PBXShellScriptBuildPhase;
			buildActionMask = 2147483647;
			files = (
			);
			inputFileListPaths = (
			);
			inputPaths = (
			);
			outputFileListPaths = (
			);
			outputPaths = (
			);
			runOnlyForDeploymentPostprocessing = 0;
			shellPath = /bin/sh;
			shellScript = "cd BuildTools\nSDKROOT=macosx\n#swift package update #Uncomment this line temporarily to update the version used to the latest matching your BuildTools/Package.swift file\nswift run -c release swiftformat \"$SRCROOT\"\n\n";
		};
/* End PBXShellScriptBuildPhase section */

/* Begin PBXSourcesBuildPhase section */
		121F7D6F26A6B875005411ED /* Sources */ = {
			isa = PBXSourcesBuildPhase;
			buildActionMask = 2147483647;
			files = (
				12DFB34B26A6EE0200CB25F7 /* Freak.swift in Sources */,
				3B66773926C1632700196894 /* FilterButtonsViewModel.swift in Sources */,
				128A614426C15C9F0055AFFF /* MenuView.swift in Sources */,
				123D76D326DE24D900238B96 /* ProjectsViewModel.swift in Sources */,
				3B661F7D26B41EFC00C45974 /* Skill.swift in Sources */,
				123D76D926DE24D900238B96 /* Project.swift in Sources */,
				128A614726C163480055AFFF /* HomeView.swift in Sources */,
				1202514026D43DED00B608CA /* FreaksNode.swift in Sources */,
				12ECD1DF26A818E10069BD64 /* ListItemViewModel.swift in Sources */,
				125FF4FC26A83B9500018CE8 /* FreakDetailsView.swift in Sources */,
				3B76E4DC26B01A2500D92898 /* FilterView.swift in Sources */,
				123D76D526DE24D900238B96 /* ProjectCardViewModel.swift in Sources */,
				3BA783DC26C1407E00E660E8 /* Filterable.swift in Sources */,
				1202513D26D43DA200B608CA /* GraphAPIService.swift in Sources */,
				3B8CCBE226AECE81005765AA /* UINavigationController+Extensions.swift in Sources */,
				123D76D726DE24D900238B96 /* Technology.swift in Sources */,
				3BC6F9EB26B97C2B001EB581 /* FilterViewModel.swift in Sources */,
				123D76DB26DE24D900238B96 /* ProjectCardView.swift in Sources */,
				123D76DD26DE24D900238B96 /* ProjectsView.swift in Sources */,
				3B416B8D26A80F5B00250A0D /* FreaksViewModel.swift in Sources */,
				3BDA054126A6EA840070BADB /* FreaksView.swift in Sources */,
				3B661F6E26B16F7D00C45974 /* MultipleSelectionRow.swift in Sources */,
				125FF4FF26A83CBB00018CE8 /* FreakDetailsViewModel.swift in Sources */,
				121F7D8E26A6B875005411ED /* FreaksApp.swift in Sources */,
				12F27E2326E5F4280054DFFA /* CustomTabBar.swift in Sources */,
				12FD8E3C26A9BB8D00EF05E8 /* FilterButtonsView.swift in Sources */,
				3B283D8A26CA95240006B78F /* NavbarTitleModifier.swift in Sources */,
				1202514326D43EB800B608CA /* API.swift in Sources */,
				12DFB34E26A6F21E00CB25F7 /* ListItemView.swift in Sources */,
			);
			runOnlyForDeploymentPostprocessing = 0;
		};
		121F7D7526A6B875005411ED /* Sources */ = {
			isa = PBXSourcesBuildPhase;
			buildActionMask = 2147483647;
			files = (
				1202514426D43EB800B608CA /* API.swift in Sources */,
				3BC6F9EC26B97C2B001EB581 /* FilterViewModel.swift in Sources */,
				12DFB34C26A6EE0200CB25F7 /* Freak.swift in Sources */,
				128A614826C163480055AFFF /* HomeView.swift in Sources */,
				123D76D826DE24D900238B96 /* Technology.swift in Sources */,
				128A614526C15C9F0055AFFF /* MenuView.swift in Sources */,
				12ECD1E026A818E10069BD64 /* ListItemViewModel.swift in Sources */,
				123D76D626DE24D900238B96 /* ProjectCardViewModel.swift in Sources */,
				1202514126D43DED00B608CA /* FreaksNode.swift in Sources */,
				125FF4FD26A83B9500018CE8 /* FreakDetailsView.swift in Sources */,
				3B661F6F26B16F7D00C45974 /* MultipleSelectionRow.swift in Sources */,
				3B416B8E26A80F5B00250A0D /* FreaksViewModel.swift in Sources */,
				3BA783DD26C1407E00E660E8 /* Filterable.swift in Sources */,
				3B66773A26C1632700196894 /* FilterButtonsViewModel.swift in Sources */,
				3BDA054226A6EA840070BADB /* FreaksView.swift in Sources */,
				1202513E26D43DA200B608CA /* GraphAPIService.swift in Sources */,
				125FF50026A83CBB00018CE8 /* FreakDetailsViewModel.swift in Sources */,
				12F27E2426E5F4280054DFFA /* CustomTabBar.swift in Sources */,
				3B76E4DD26B01A2500D92898 /* FilterView.swift in Sources */,
				123D76DE26DE24D900238B96 /* ProjectsView.swift in Sources */,
				123D76D426DE24D900238B96 /* ProjectsViewModel.swift in Sources */,
				121F7D8F26A6B875005411ED /* FreaksApp.swift in Sources */,
				3B661F7E26B41EFC00C45974 /* Skill.swift in Sources */,
				12FD8E3D26A9BB8D00EF05E8 /* FilterButtonsView.swift in Sources */,
				123D76DC26DE24D900238B96 /* ProjectCardView.swift in Sources */,
				12DFB34F26A6F21E00CB25F7 /* ListItemView.swift in Sources */,
				123D76DA26DE24D900238B96 /* Project.swift in Sources */,
			);
			runOnlyForDeploymentPostprocessing = 0;
		};
		12ECD1E126A82CB80069BD64 /* Sources */ = {
			isa = PBXSourcesBuildPhase;
			buildActionMask = 2147483647;
			files = (
				12ECD1EE26A82CDA0069BD64 /* FreakTest.swift in Sources */,
			);
			runOnlyForDeploymentPostprocessing = 0;
		};
		3B8E6FDF26A993830019E00E /* Sources */ = {
			isa = PBXSourcesBuildPhase;
			buildActionMask = 2147483647;
			files = (
				3B8E6FE626A993830019E00E /* FreaksUITests.swift in Sources */,
			);
			runOnlyForDeploymentPostprocessing = 0;
		};
/* End PBXSourcesBuildPhase section */

/* Begin PBXTargetDependency section */
		12ECD1EA26A82CB80069BD64 /* PBXTargetDependency */ = {
			isa = PBXTargetDependency;
			target = 121F7D7226A6B875005411ED /* Freaks (iOS) */;
			targetProxy = 12ECD1E926A82CB80069BD64 /* PBXContainerItemProxy */;
		};
		3B8E6FE826A993830019E00E /* PBXTargetDependency */ = {
			isa = PBXTargetDependency;
			target = 121F7D7226A6B875005411ED /* Freaks (iOS) */;
			targetProxy = 3B8E6FE726A993830019E00E /* PBXContainerItemProxy */;
		};
/* End PBXTargetDependency section */

/* Begin XCBuildConfiguration section */
		121F7D9426A6B875005411ED /* Debug */ = {
			isa = XCBuildConfiguration;
			buildSettings = {
				ALWAYS_SEARCH_USER_PATHS = NO;
				CLANG_ANALYZER_NONNULL = YES;
				CLANG_ANALYZER_NUMBER_OBJECT_CONVERSION = YES_AGGRESSIVE;
				CLANG_CXX_LANGUAGE_STANDARD = "gnu++17";
				CLANG_CXX_LIBRARY = "libc++";
				CLANG_ENABLE_MODULES = YES;
				CLANG_ENABLE_OBJC_ARC = YES;
				CLANG_ENABLE_OBJC_WEAK = YES;
				CLANG_WARN_BLOCK_CAPTURE_AUTORELEASING = YES;
				CLANG_WARN_BOOL_CONVERSION = YES;
				CLANG_WARN_COMMA = YES;
				CLANG_WARN_CONSTANT_CONVERSION = YES;
				CLANG_WARN_DEPRECATED_OBJC_IMPLEMENTATIONS = YES;
				CLANG_WARN_DIRECT_OBJC_ISA_USAGE = YES_ERROR;
				CLANG_WARN_DOCUMENTATION_COMMENTS = YES;
				CLANG_WARN_EMPTY_BODY = YES;
				CLANG_WARN_ENUM_CONVERSION = YES;
				CLANG_WARN_INFINITE_RECURSION = YES;
				CLANG_WARN_INT_CONVERSION = YES;
				CLANG_WARN_NON_LITERAL_NULL_CONVERSION = YES;
				CLANG_WARN_OBJC_IMPLICIT_RETAIN_SELF = YES;
				CLANG_WARN_OBJC_LITERAL_CONVERSION = YES;
				CLANG_WARN_OBJC_ROOT_CLASS = YES_ERROR;
				CLANG_WARN_QUOTED_INCLUDE_IN_FRAMEWORK_HEADER = YES;
				CLANG_WARN_RANGE_LOOP_ANALYSIS = YES;
				CLANG_WARN_STRICT_PROTOTYPES = YES;
				CLANG_WARN_SUSPICIOUS_MOVE = YES;
				CLANG_WARN_UNGUARDED_AVAILABILITY = YES_AGGRESSIVE;
				CLANG_WARN_UNREACHABLE_CODE = YES;
				CLANG_WARN__DUPLICATE_METHOD_MATCH = YES;
				COPY_PHASE_STRIP = NO;
				DEBUG_INFORMATION_FORMAT = dwarf;
				ENABLE_STRICT_OBJC_MSGSEND = YES;
				ENABLE_TESTABILITY = YES;
				GCC_C_LANGUAGE_STANDARD = gnu11;
				GCC_DYNAMIC_NO_PIC = NO;
				GCC_NO_COMMON_BLOCKS = YES;
				GCC_OPTIMIZATION_LEVEL = 0;
				GCC_PREPROCESSOR_DEFINITIONS = (
					"DEBUG=1",
					"$(inherited)",
				);
				GCC_WARN_64_TO_32_BIT_CONVERSION = YES;
				GCC_WARN_ABOUT_RETURN_TYPE = YES_ERROR;
				GCC_WARN_UNDECLARED_SELECTOR = YES;
				GCC_WARN_UNINITIALIZED_AUTOS = YES_AGGRESSIVE;
				GCC_WARN_UNUSED_FUNCTION = YES;
				GCC_WARN_UNUSED_VARIABLE = YES;
				IPHONEOS_DEPLOYMENT_TARGET = 15.0;
				MACOSX_DEPLOYMENT_TARGET = 11.5;
				MTL_ENABLE_DEBUG_INFO = INCLUDE_SOURCE;
				MTL_FAST_MATH = YES;
				ONLY_ACTIVE_ARCH = YES;
				SWIFT_ACTIVE_COMPILATION_CONDITIONS = DEBUG;
				SWIFT_OPTIMIZATION_LEVEL = "-Onone";
				SWIFT_VERSION = 5.0;
			};
			name = Debug;
		};
		121F7D9526A6B875005411ED /* Release */ = {
			isa = XCBuildConfiguration;
			buildSettings = {
				ALWAYS_SEARCH_USER_PATHS = NO;
				CLANG_ANALYZER_NONNULL = YES;
				CLANG_ANALYZER_NUMBER_OBJECT_CONVERSION = YES_AGGRESSIVE;
				CLANG_CXX_LANGUAGE_STANDARD = "gnu++17";
				CLANG_CXX_LIBRARY = "libc++";
				CLANG_ENABLE_MODULES = YES;
				CLANG_ENABLE_OBJC_ARC = YES;
				CLANG_ENABLE_OBJC_WEAK = YES;
				CLANG_WARN_BLOCK_CAPTURE_AUTORELEASING = YES;
				CLANG_WARN_BOOL_CONVERSION = YES;
				CLANG_WARN_COMMA = YES;
				CLANG_WARN_CONSTANT_CONVERSION = YES;
				CLANG_WARN_DEPRECATED_OBJC_IMPLEMENTATIONS = YES;
				CLANG_WARN_DIRECT_OBJC_ISA_USAGE = YES_ERROR;
				CLANG_WARN_DOCUMENTATION_COMMENTS = YES;
				CLANG_WARN_EMPTY_BODY = YES;
				CLANG_WARN_ENUM_CONVERSION = YES;
				CLANG_WARN_INFINITE_RECURSION = YES;
				CLANG_WARN_INT_CONVERSION = YES;
				CLANG_WARN_NON_LITERAL_NULL_CONVERSION = YES;
				CLANG_WARN_OBJC_IMPLICIT_RETAIN_SELF = YES;
				CLANG_WARN_OBJC_LITERAL_CONVERSION = YES;
				CLANG_WARN_OBJC_ROOT_CLASS = YES_ERROR;
				CLANG_WARN_QUOTED_INCLUDE_IN_FRAMEWORK_HEADER = YES;
				CLANG_WARN_RANGE_LOOP_ANALYSIS = YES;
				CLANG_WARN_STRICT_PROTOTYPES = YES;
				CLANG_WARN_SUSPICIOUS_MOVE = YES;
				CLANG_WARN_UNGUARDED_AVAILABILITY = YES_AGGRESSIVE;
				CLANG_WARN_UNREACHABLE_CODE = YES;
				CLANG_WARN__DUPLICATE_METHOD_MATCH = YES;
				COPY_PHASE_STRIP = NO;
				DEBUG_INFORMATION_FORMAT = "dwarf-with-dsym";
				ENABLE_NS_ASSERTIONS = NO;
				ENABLE_STRICT_OBJC_MSGSEND = YES;
				GCC_C_LANGUAGE_STANDARD = gnu11;
				GCC_NO_COMMON_BLOCKS = YES;
				GCC_WARN_64_TO_32_BIT_CONVERSION = YES;
				GCC_WARN_ABOUT_RETURN_TYPE = YES_ERROR;
				GCC_WARN_UNDECLARED_SELECTOR = YES;
				GCC_WARN_UNINITIALIZED_AUTOS = YES_AGGRESSIVE;
				GCC_WARN_UNUSED_FUNCTION = YES;
				GCC_WARN_UNUSED_VARIABLE = YES;
				IPHONEOS_DEPLOYMENT_TARGET = 15.0;
				MACOSX_DEPLOYMENT_TARGET = 11.5;
				MTL_ENABLE_DEBUG_INFO = NO;
				MTL_FAST_MATH = YES;
				SWIFT_COMPILATION_MODE = wholemodule;
				SWIFT_OPTIMIZATION_LEVEL = "-O";
				SWIFT_VERSION = 5.0;
			};
			name = Release;
		};
		121F7D9726A6B875005411ED /* Debug */ = {
			isa = XCBuildConfiguration;
			buildSettings = {
				APP_BUILD_NUMBER = 5;
				APP_VERSION_STRING = 1.0;
				ASSETCATALOG_COMPILER_APPICON_NAME = AppIcon;
				ASSETCATALOG_COMPILER_GLOBAL_ACCENT_COLOR_NAME = AccentColor;
				CODE_SIGN_STYLE = Automatic;
				CURRENT_PROJECT_VERSION = 1;
				DEVELOPMENT_TEAM = 2NYK4JQZ6U;
				ENABLE_PREVIEWS = YES;
				GENERATE_INFOPLIST_FILE = YES;
				INFOPLIST_FILE = "Freaks--iOS--Info.plist";
				INFOPLIST_KEY_CFBundleExecutable = Freaks;
				INFOPLIST_KEY_CFBundleName = Freaks;
				INFOPLIST_KEY_CFBundleVersion = 1;
				INFOPLIST_KEY_UIApplicationSceneManifest_Generation = YES;
				INFOPLIST_KEY_UIApplicationSupportsIndirectInputEvents = YES;
				INFOPLIST_KEY_UILaunchScreen_Generation = YES;
				INFOPLIST_KEY_UISupportedInterfaceOrientations_iPad = "UIInterfaceOrientationPortrait UIInterfaceOrientationPortraitUpsideDown UIInterfaceOrientationLandscapeLeft UIInterfaceOrientationLandscapeRight";
				INFOPLIST_KEY_UISupportedInterfaceOrientations_iPhone = "UIInterfaceOrientationPortrait UIInterfaceOrientationLandscapeLeft UIInterfaceOrientationLandscapeRight";
				INFOPLIST_KEY_UIUserInterfaceStyle = Light;
				LD_RUNPATH_SEARCH_PATHS = (
					"$(inherited)",
					"@executable_path/Frameworks",
				);
				MARKETING_VERSION = 1.0;
				PRODUCT_BUNDLE_IDENTIFIER = com.agilefreaks.FreaksCatalog;
				PRODUCT_NAME = Freaks;
				SDKROOT = iphoneos;
				SWIFT_EMIT_LOC_STRINGS = YES;
				TARGETED_DEVICE_FAMILY = "1,2";
			};
			name = Debug;
		};
		121F7D9826A6B875005411ED /* Release */ = {
			isa = XCBuildConfiguration;
			buildSettings = {
				APP_BUILD_NUMBER = 5;
				APP_VERSION_STRING = 1.0;
				ASSETCATALOG_COMPILER_APPICON_NAME = AppIcon;
				ASSETCATALOG_COMPILER_GLOBAL_ACCENT_COLOR_NAME = AccentColor;
				CODE_SIGN_STYLE = Automatic;
				CURRENT_PROJECT_VERSION = 1;
				DEVELOPMENT_TEAM = 2NYK4JQZ6U;
				ENABLE_PREVIEWS = YES;
				GENERATE_INFOPLIST_FILE = YES;
				INFOPLIST_FILE = "Freaks--iOS--Info.plist";
				INFOPLIST_KEY_CFBundleExecutable = Freaks;
				INFOPLIST_KEY_CFBundleName = Freaks;
				INFOPLIST_KEY_CFBundleVersion = 1;
				INFOPLIST_KEY_UIApplicationSceneManifest_Generation = YES;
				INFOPLIST_KEY_UIApplicationSupportsIndirectInputEvents = YES;
				INFOPLIST_KEY_UILaunchScreen_Generation = YES;
				INFOPLIST_KEY_UISupportedInterfaceOrientations_iPad = "UIInterfaceOrientationPortrait UIInterfaceOrientationPortraitUpsideDown UIInterfaceOrientationLandscapeLeft UIInterfaceOrientationLandscapeRight";
				INFOPLIST_KEY_UISupportedInterfaceOrientations_iPhone = "UIInterfaceOrientationPortrait UIInterfaceOrientationLandscapeLeft UIInterfaceOrientationLandscapeRight";
				INFOPLIST_KEY_UIUserInterfaceStyle = Light;
				LD_RUNPATH_SEARCH_PATHS = (
					"$(inherited)",
					"@executable_path/Frameworks",
				);
				MARKETING_VERSION = 1.0;
				PRODUCT_BUNDLE_IDENTIFIER = com.agilefreaks.FreaksCatalog;
				PRODUCT_NAME = Freaks;
				SDKROOT = iphoneos;
				SWIFT_EMIT_LOC_STRINGS = YES;
				TARGETED_DEVICE_FAMILY = "1,2";
				VALIDATE_PRODUCT = YES;
			};
			name = Release;
		};
		121F7D9A26A6B875005411ED /* Debug */ = {
			isa = XCBuildConfiguration;
			buildSettings = {
				ASSETCATALOG_COMPILER_APPICON_NAME = AppIcon;
				ASSETCATALOG_COMPILER_GLOBAL_ACCENT_COLOR_NAME = AccentColor;
				CODE_SIGN_STYLE = Automatic;
				COMBINE_HIDPI_IMAGES = YES;
				CURRENT_PROJECT_VERSION = 1;
				DEVELOPMENT_TEAM = 2NYK4JQZ6U;
				ENABLE_APP_SANDBOX = YES;
				ENABLE_PREVIEWS = YES;
				ENABLE_USER_SELECTED_FILES = readonly;
				GENERATE_INFOPLIST_FILE = YES;
				INFOPLIST_KEY_NSHumanReadableCopyright = "";
				LD_RUNPATH_SEARCH_PATHS = (
					"$(inherited)",
					"@executable_path/../Frameworks",
				);
				MARKETING_VERSION = 1.0;
				PRODUCT_BUNDLE_IDENTIFIER = com.agilefreaks.FreaksCatalog;
				PRODUCT_NAME = Freaks;
				SDKROOT = macosx;
				SWIFT_EMIT_LOC_STRINGS = YES;
			};
			name = Debug;
		};
		121F7D9B26A6B875005411ED /* Release */ = {
			isa = XCBuildConfiguration;
			buildSettings = {
				ASSETCATALOG_COMPILER_APPICON_NAME = AppIcon;
				ASSETCATALOG_COMPILER_GLOBAL_ACCENT_COLOR_NAME = AccentColor;
				CODE_SIGN_STYLE = Automatic;
				COMBINE_HIDPI_IMAGES = YES;
				CURRENT_PROJECT_VERSION = 1;
				DEVELOPMENT_TEAM = 2NYK4JQZ6U;
				ENABLE_APP_SANDBOX = YES;
				ENABLE_PREVIEWS = YES;
				ENABLE_USER_SELECTED_FILES = readonly;
				GENERATE_INFOPLIST_FILE = YES;
				INFOPLIST_KEY_NSHumanReadableCopyright = "";
				LD_RUNPATH_SEARCH_PATHS = (
					"$(inherited)",
					"@executable_path/../Frameworks",
				);
				MARKETING_VERSION = 1.0;
				PRODUCT_BUNDLE_IDENTIFIER = com.agilefreaks.FreaksCatalog;
				PRODUCT_NAME = Freaks;
				SDKROOT = macosx;
				SWIFT_EMIT_LOC_STRINGS = YES;
			};
			name = Release;
		};
		12ECD1EC26A82CB80069BD64 /* Debug */ = {
			isa = XCBuildConfiguration;
			buildSettings = {
				BUNDLE_LOADER = "$(TEST_HOST)";
				CODE_SIGN_STYLE = Automatic;
				CURRENT_PROJECT_VERSION = 1;
				GENERATE_INFOPLIST_FILE = YES;
				LD_RUNPATH_SEARCH_PATHS = (
					"$(inherited)",
					"@executable_path/Frameworks",
					"@loader_path/Frameworks",
				);
				MARKETING_VERSION = 1.0;
				PRODUCT_BUNDLE_IDENTIFIER = com.agile.FreaksTests;
				PRODUCT_NAME = "$(TARGET_NAME)";
				SDKROOT = iphoneos;
				SWIFT_EMIT_LOC_STRINGS = NO;
				SWIFT_VERSION = 5.0;
				TARGETED_DEVICE_FAMILY = "1,2";
				TEST_HOST = "$(BUILT_PRODUCTS_DIR)/Freaks.app/Freaks";
			};
			name = Debug;
		};
		12ECD1ED26A82CB80069BD64 /* Release */ = {
			isa = XCBuildConfiguration;
			buildSettings = {
				BUNDLE_LOADER = "$(TEST_HOST)";
				CODE_SIGN_STYLE = Automatic;
				CURRENT_PROJECT_VERSION = 1;
				GENERATE_INFOPLIST_FILE = YES;
				LD_RUNPATH_SEARCH_PATHS = (
					"$(inherited)",
					"@executable_path/Frameworks",
					"@loader_path/Frameworks",
				);
				MARKETING_VERSION = 1.0;
				PRODUCT_BUNDLE_IDENTIFIER = com.agile.FreaksTests;
				PRODUCT_NAME = "$(TARGET_NAME)";
				SDKROOT = iphoneos;
				SWIFT_EMIT_LOC_STRINGS = NO;
				SWIFT_VERSION = 5.0;
				TARGETED_DEVICE_FAMILY = "1,2";
				TEST_HOST = "$(BUILT_PRODUCTS_DIR)/Freaks.app/Freaks";
				VALIDATE_PRODUCT = YES;
			};
			name = Release;
		};
		3B8E6FE926A993830019E00E /* Debug */ = {
			isa = XCBuildConfiguration;
			buildSettings = {
				CLANG_CXX_LANGUAGE_STANDARD = "gnu++14";
				CODE_SIGN_STYLE = Automatic;
				CURRENT_PROJECT_VERSION = 1;
				DEVELOPMENT_TEAM = K2SAGF7L3J;
				GENERATE_INFOPLIST_FILE = YES;
				LD_RUNPATH_SEARCH_PATHS = (
					"$(inherited)",
					"@executable_path/Frameworks",
					"@loader_path/Frameworks",
				);
				MARKETING_VERSION = 1.0;
				PRODUCT_BUNDLE_IDENTIFIER = com.moldozeu.FreaksUITests;
				PRODUCT_NAME = "$(TARGET_NAME)";
				SDKROOT = iphoneos;
				SWIFT_EMIT_LOC_STRINGS = NO;
				SWIFT_VERSION = 5.0;
				TARGETED_DEVICE_FAMILY = "1,2";
				TEST_TARGET_NAME = "Freaks (iOS)";
			};
			name = Debug;
		};
		3B8E6FEA26A993830019E00E /* Release */ = {
			isa = XCBuildConfiguration;
			buildSettings = {
				CLANG_CXX_LANGUAGE_STANDARD = "gnu++14";
				CODE_SIGN_STYLE = Automatic;
				CURRENT_PROJECT_VERSION = 1;
				DEVELOPMENT_TEAM = K2SAGF7L3J;
				GENERATE_INFOPLIST_FILE = YES;
				LD_RUNPATH_SEARCH_PATHS = (
					"$(inherited)",
					"@executable_path/Frameworks",
					"@loader_path/Frameworks",
				);
				MARKETING_VERSION = 1.0;
				PRODUCT_BUNDLE_IDENTIFIER = com.moldozeu.FreaksUITests;
				PRODUCT_NAME = "$(TARGET_NAME)";
				SDKROOT = iphoneos;
				SWIFT_EMIT_LOC_STRINGS = NO;
				SWIFT_VERSION = 5.0;
				TARGETED_DEVICE_FAMILY = "1,2";
				TEST_TARGET_NAME = "Freaks (iOS)";
				VALIDATE_PRODUCT = YES;
			};
			name = Release;
		};
/* End XCBuildConfiguration section */

/* Begin XCConfigurationList section */
		121F7D6A26A6B874005411ED /* Build configuration list for PBXProject "Freaks" */ = {
			isa = XCConfigurationList;
			buildConfigurations = (
				121F7D9426A6B875005411ED /* Debug */,
				121F7D9526A6B875005411ED /* Release */,
			);
			defaultConfigurationIsVisible = 0;
			defaultConfigurationName = Release;
		};
		121F7D9626A6B875005411ED /* Build configuration list for PBXNativeTarget "Freaks (iOS)" */ = {
			isa = XCConfigurationList;
			buildConfigurations = (
				121F7D9726A6B875005411ED /* Debug */,
				121F7D9826A6B875005411ED /* Release */,
			);
			defaultConfigurationIsVisible = 0;
			defaultConfigurationName = Release;
		};
		121F7D9926A6B875005411ED /* Build configuration list for PBXNativeTarget "Freaks (macOS)" */ = {
			isa = XCConfigurationList;
			buildConfigurations = (
				121F7D9A26A6B875005411ED /* Debug */,
				121F7D9B26A6B875005411ED /* Release */,
			);
			defaultConfigurationIsVisible = 0;
			defaultConfigurationName = Release;
		};
		12ECD1EB26A82CB80069BD64 /* Build configuration list for PBXNativeTarget "FreaksTests" */ = {
			isa = XCConfigurationList;
			buildConfigurations = (
				12ECD1EC26A82CB80069BD64 /* Debug */,
				12ECD1ED26A82CB80069BD64 /* Release */,
			);
			defaultConfigurationIsVisible = 0;
			defaultConfigurationName = Release;
		};
		3B8E6FEB26A993830019E00E /* Build configuration list for PBXNativeTarget "FreaksUITests" */ = {
			isa = XCConfigurationList;
			buildConfigurations = (
				3B8E6FE926A993830019E00E /* Debug */,
				3B8E6FEA26A993830019E00E /* Release */,
			);
			defaultConfigurationIsVisible = 0;
			defaultConfigurationName = Release;
		};
/* End XCConfigurationList section */

/* Begin XCRemoteSwiftPackageReference section */
		12ABCEDC26DD04CD006B7F20 /* XCRemoteSwiftPackageReference "Kingfisher" */ = {
			isa = XCRemoteSwiftPackageReference;
			repositoryURL = "https://github.com/onevcat/Kingfisher.git";
			requirement = {
				branch = "fix/xcode-13";
				kind = branch;
			};
		};
		3BD3DA5626AFFA3E00281ADC /* XCRemoteSwiftPackageReference "apollo-ios" */ = {
			isa = XCRemoteSwiftPackageReference;
			repositoryURL = "https://github.com/apollographql/apollo-ios.git";
			requirement = {
				kind = upToNextMajorVersion;
				minimumVersion = 0.3.0;
			};
		};
/* End XCRemoteSwiftPackageReference section */

/* Begin XCSwiftPackageProductDependency section */
		12ABCEDD26DD04CD006B7F20 /* Kingfisher */ = {
			isa = XCSwiftPackageProductDependency;
			package = 12ABCEDC26DD04CD006B7F20 /* XCRemoteSwiftPackageReference "Kingfisher" */;
			productName = Kingfisher;
		};
		3BD3DA5726AFFA3E00281ADC /* Apollo */ = {
			isa = XCSwiftPackageProductDependency;
			package = 3BD3DA5626AFFA3E00281ADC /* XCRemoteSwiftPackageReference "apollo-ios" */;
			productName = Apollo;
		};
/* End XCSwiftPackageProductDependency section */
	};
	rootObject = 121F7D6726A6B874005411ED /* Project object */;
}
